// !$*UTF8*$!
{
	archiveVersion = 1;
	classes = {
	};
	objectVersion = 56;
	objects = {

/* Begin PBXBuildFile section */
		060301DE2C7734080058A113 /* JoinDTO.swift in Sources */ = {isa = PBXBuildFile; fileRef = 060301DD2C7734080058A113 /* JoinDTO.swift */; };
		060301E02C7734CB0058A113 /* WithdrawDTO.swift in Sources */ = {isa = PBXBuildFile; fileRef = 060301DF2C7734CB0058A113 /* WithdrawDTO.swift */; };
		061A34AC2C76069800491DB1 /* Moya in Frameworks */ = {isa = PBXBuildFile; productRef = 061A34AB2C76069800491DB1 /* Moya */; };
		061A34AE2C7606C700491DB1 /* LSLPRouter.swift in Sources */ = {isa = PBXBuildFile; fileRef = 061A34AD2C7606C700491DB1 /* LSLPRouter.swift */; };
		061A34B12C76073000491DB1 /* validationEamilDTO.swift in Sources */ = {isa = PBXBuildFile; fileRef = 061A34B02C76073000491DB1 /* validationEamilDTO.swift */; };
		061A34B32C76081C00491DB1 /* LoginDTO.swift in Sources */ = {isa = PBXBuildFile; fileRef = 061A34B22C76081C00491DB1 /* LoginDTO.swift */; };
		061A34B52C7612F400491DB1 /* contentPostDTO.swift in Sources */ = {isa = PBXBuildFile; fileRef = 061A34B42C7612F400491DB1 /* contentPostDTO.swift */; };
		061A34B72C76132800491DB1 /* ImagePostDTO.swift in Sources */ = {isa = PBXBuildFile; fileRef = 061A34B62C76132800491DB1 /* ImagePostDTO.swift */; };
		061A34BB2C76176B00491DB1 /* RxMoya in Frameworks */ = {isa = PBXBuildFile; productRef = 061A34BA2C76176B00491DB1 /* RxMoya */; };
		061A34C72C76616B00491DB1 /* RefreshTokenDTO.swift in Sources */ = {isa = PBXBuildFile; fileRef = 061A34C62C76616B00491DB1 /* RefreshTokenDTO.swift */; };
		061A34CB2C76644C00491DB1 /* PostProductID.swift in Sources */ = {isa = PBXBuildFile; fileRef = 061A34CA2C76644C00491DB1 /* PostProductID.swift */; };
		061A34CD2C76653D00491DB1 /* LSLPInterceptor.swift in Sources */ = {isa = PBXBuildFile; fileRef = 061A34CC2C76653D00491DB1 /* LSLPInterceptor.swift */; };
		061A34CF2C766CF300491DB1 /* NetworkError.swift in Sources */ = {isa = PBXBuildFile; fileRef = 061A34CE2C766CF300491DB1 /* NetworkError.swift */; };
		065180342C7C60C200255228 /* NVActivityIndicatorView in Frameworks */ = {isa = PBXBuildFile; productRef = 065180332C7C60C200255228 /* NVActivityIndicatorView */; };
		065180362C7C60C200255228 /* NVActivityIndicatorViewExtended in Frameworks */ = {isa = PBXBuildFile; productRef = 065180352C7C60C200255228 /* NVActivityIndicatorViewExtended */; };
		0651803A2C7C8FC800255228 /* ChallengeDetailVC.swift in Sources */ = {isa = PBXBuildFile; fileRef = 065180392C7C8FC800255228 /* ChallengeDetailVC.swift */; };
		0651803C2C7CAA8C00255228 /* ChallengeDetailInputModel.swift in Sources */ = {isa = PBXBuildFile; fileRef = 0651803B2C7CAA8C00255228 /* ChallengeDetailInputModel.swift */; };
		0651803E2C7CAABB00255228 /* ChallengeDetailVM.swift in Sources */ = {isa = PBXBuildFile; fileRef = 0651803D2C7CAABB00255228 /* ChallengeDetailVM.swift */; };
		065180512C7DC1BB00255228 /* NSNotification+.swift in Sources */ = {isa = PBXBuildFile; fileRef = 065180502C7DC1BB00255228 /* NSNotification+.swift */; };
		065180532C7DF65B00255228 /* ChallengeingCollectionCell.swift in Sources */ = {isa = PBXBuildFile; fileRef = 065180522C7DF65B00255228 /* ChallengeingCollectionCell.swift */; };
		065180622C7F19DF00255228 /* Date+.swift in Sources */ = {isa = PBXBuildFile; fileRef = 065180612C7F19DF00255228 /* Date+.swift */; };
		065180642C7F2DA200255228 /* JoinButtonType.swift in Sources */ = {isa = PBXBuildFile; fileRef = 065180632C7F2DA200255228 /* JoinButtonType.swift */; };
		0651806F2C8059BD00255228 /* PercentView.swift in Sources */ = {isa = PBXBuildFile; fileRef = 0651806E2C8059BD00255228 /* PercentView.swift */; };
		065180712C80852B00255228 /* BookRoomModel.swift in Sources */ = {isa = PBXBuildFile; fileRef = 065180702C80852B00255228 /* BookRoomModel.swift */; };
		065180742C809D6200255228 /* ChallengeingVM.swift in Sources */ = {isa = PBXBuildFile; fileRef = 065180732C809D6200255228 /* ChallengeingVM.swift */; };
		065180762C82207C00255228 /* CommentsPostInputModel.swift in Sources */ = {isa = PBXBuildFile; fileRef = 065180752C82207C00255228 /* CommentsPostInputModel.swift */; };
		0652C81C2C6F7CBB00BDC64E /* UserChallengeCollectionCell.swift in Sources */ = {isa = PBXBuildFile; fileRef = 0652C81B2C6F7CBB00BDC64E /* UserChallengeCollectionCell.swift */; };
		0652C8202C6F906200BDC64E /* CarouseLayout.swift in Sources */ = {isa = PBXBuildFile; fileRef = 0652C81F2C6F906200BDC64E /* CarouseLayout.swift */; };
		0652C8232C6FAEE300BDC64E /* AladinParam.swift in Sources */ = {isa = PBXBuildFile; fileRef = 0652C8222C6FAEE300BDC64E /* AladinParam.swift */; };
		0652C8252C6FAEEB00BDC64E /* AladinRouter.swift in Sources */ = {isa = PBXBuildFile; fileRef = 0652C8242C6FAEEB00BDC64E /* AladinRouter.swift */; };
		0652C8272C6FAEF900BDC64E /* AladinTargetType.swift in Sources */ = {isa = PBXBuildFile; fileRef = 0652C8262C6FAEF900BDC64E /* AladinTargetType.swift */; };
		0652C8292C6FAF0900BDC64E /* AladinManager.swift in Sources */ = {isa = PBXBuildFile; fileRef = 0652C8282C6FAF0900BDC64E /* AladinManager.swift */; };
		0652C82B2C6FB56000BDC64E /* AladinError.swift in Sources */ = {isa = PBXBuildFile; fileRef = 0652C82A2C6FB56000BDC64E /* AladinError.swift */; };
		0652C82E2C6FB64700BDC64E /* BestsellerDTO.swift in Sources */ = {isa = PBXBuildFile; fileRef = 0652C82D2C6FB64700BDC64E /* BestsellerDTO.swift */; };
		0652C8302C6FB89E00BDC64E /* MainVM.swift in Sources */ = {isa = PBXBuildFile; fileRef = 0652C82F2C6FB89E00BDC64E /* MainVM.swift */; };
		0652C8362C6FFF3E00BDC64E /* DetailBookVC.swift in Sources */ = {isa = PBXBuildFile; fileRef = 0652C8352C6FFF3E00BDC64E /* DetailBookVC.swift */; };
		0652C8382C708A1E00BDC64E /* SearchBookDTO.swift in Sources */ = {isa = PBXBuildFile; fileRef = 0652C8372C708A1E00BDC64E /* SearchBookDTO.swift */; };
		0652C83A2C708A5300BDC64E /* SearchBookWithIDDTO.swift in Sources */ = {isa = PBXBuildFile; fileRef = 0652C8392C708A5300BDC64E /* SearchBookWithIDDTO.swift */; };
		0652C83C2C708AF800BDC64E /* BookDTO.swift in Sources */ = {isa = PBXBuildFile; fileRef = 0652C83B2C708AF800BDC64E /* BookDTO.swift */; };
		0652C8442C70A1D000BDC64E /* BookSearchVM.swift in Sources */ = {isa = PBXBuildFile; fileRef = 0652C8432C70A1D000BDC64E /* BookSearchVM.swift */; };
		0652C8472C70A23200BDC64E /* BookListCollectionCell.swift in Sources */ = {isa = PBXBuildFile; fileRef = 0652C8462C70A23200BDC64E /* BookListCollectionCell.swift */; };
		0652C84F2C70ADB400BDC64E /* FetchImageProtocol.swift in Sources */ = {isa = PBXBuildFile; fileRef = 0652C84E2C70ADB400BDC64E /* FetchImageProtocol.swift */; };
		0652C8622C723A7500BDC64E /* BaseHeader.swift in Sources */ = {isa = PBXBuildFile; fileRef = 0652C8612C723A7500BDC64E /* BaseHeader.swift */; };
		0652C86D2C72553B00BDC64E /* RoomCreateVC.swift in Sources */ = {isa = PBXBuildFile; fileRef = 0652C86C2C72553B00BDC64E /* RoomCreateVC.swift */; };
		0652C86F2C7268AF00BDC64E /* JustPlustView.swift in Sources */ = {isa = PBXBuildFile; fileRef = 0652C86E2C7268AF00BDC64E /* JustPlustView.swift */; };
		0652C87D2C732B0700BDC64E /* RoomCreateVM.swift in Sources */ = {isa = PBXBuildFile; fileRef = 0652C87C2C732B0700BDC64E /* RoomCreateVM.swift */; };
		065953022C6E2F8C0048821E /* AppDelegate.swift in Sources */ = {isa = PBXBuildFile; fileRef = 065953012C6E2F8C0048821E /* AppDelegate.swift */; };
		065953042C6E2F8C0048821E /* SceneDelegate.swift in Sources */ = {isa = PBXBuildFile; fileRef = 065953032C6E2F8C0048821E /* SceneDelegate.swift */; };
		0659530B2C6E2F8D0048821E /* Assets.xcassets in Resources */ = {isa = PBXBuildFile; fileRef = 0659530A2C6E2F8D0048821E /* Assets.xcassets */; };
		0659530E2C6E2F8D0048821E /* Base in Resources */ = {isa = PBXBuildFile; fileRef = 0659530D2C6E2F8D0048821E /* Base */; };
		065953162C6E2FC20048821E /* .gitignore in Resources */ = {isa = PBXBuildFile; fileRef = 065953152C6E2FC20048821E /* .gitignore */; };
		065953272C6E31E80048821E /* LoginTextField.swift in Sources */ = {isa = PBXBuildFile; fileRef = 0659531D2C6E31E80048821E /* LoginTextField.swift */; };
		065953282C6E31E80048821E /* PointButton.swift in Sources */ = {isa = PBXBuildFile; fileRef = 0659531E2C6E31E80048821E /* PointButton.swift */; };
		065953292C6E31E80048821E /* BaseCollectioViewCell.swift in Sources */ = {isa = PBXBuildFile; fileRef = 065953202C6E31E80048821E /* BaseCollectioViewCell.swift */; };
		0659532A2C6E31E80048821E /* BaseView.swift in Sources */ = {isa = PBXBuildFile; fileRef = 065953212C6E31E80048821E /* BaseView.swift */; };
		0659532B2C6E31E80048821E /* BaseViewController.swift in Sources */ = {isa = PBXBuildFile; fileRef = 065953222C6E31E80048821E /* BaseViewController.swift */; };
		0659532C2C6E31E80048821E /* TabBarController.swift in Sources */ = {isa = PBXBuildFile; fileRef = 065953232C6E31E80048821E /* TabBarController.swift */; };
		0659532D2C6E31E80048821E /* LoginVC.swift in Sources */ = {isa = PBXBuildFile; fileRef = 065953252C6E31E80048821E /* LoginVC.swift */; };
		065953322C6E31FA0048821E /* UIColor+.swift in Sources */ = {isa = PBXBuildFile; fileRef = 0659532E2C6E31F90048821E /* UIColor+.swift */; };
		065953332C6E31FA0048821E /* String+.swift in Sources */ = {isa = PBXBuildFile; fileRef = 0659532F2C6E31F90048821E /* String+.swift */; };
		065953342C6E31FA0048821E /* ReuseIdentifier+.swift in Sources */ = {isa = PBXBuildFile; fileRef = 065953302C6E31FA0048821E /* ReuseIdentifier+.swift */; };
		065953352C6E31FA0048821E /* UIImage+.swift in Sources */ = {isa = PBXBuildFile; fileRef = 065953312C6E31FA0048821E /* UIImage+.swift */; };
		065953372C6E31FF0048821E /* LoginTextType.swift in Sources */ = {isa = PBXBuildFile; fileRef = 065953362C6E31FF0048821E /* LoginTextType.swift */; };
		065953392C6E32060048821E /* APIKey.swift in Sources */ = {isa = PBXBuildFile; fileRef = 065953382C6E32060048821E /* APIKey.swift */; };
		0659533C2C6E32480048821E /* Alamofire in Frameworks */ = {isa = PBXBuildFile; productRef = 0659533B2C6E32480048821E /* Alamofire */; };
		0659533F2C6E324E0048821E /* Toast in Frameworks */ = {isa = PBXBuildFile; productRef = 0659533E2C6E324E0048821E /* Toast */; };
		065953422C6E32540048821E /* Then in Frameworks */ = {isa = PBXBuildFile; productRef = 065953412C6E32540048821E /* Then */; };
		065953452C6E325A0048821E /* Kingfisher in Frameworks */ = {isa = PBXBuildFile; productRef = 065953442C6E325A0048821E /* Kingfisher */; };
		065953482C6E32690048821E /* RxCocoa in Frameworks */ = {isa = PBXBuildFile; productRef = 065953472C6E32690048821E /* RxCocoa */; };
		0659534A2C6E32690048821E /* RxSwift in Frameworks */ = {isa = PBXBuildFile; productRef = 065953492C6E32690048821E /* RxSwift */; };
		0659534D2C6E327D0048821E /* SnapKit in Frameworks */ = {isa = PBXBuildFile; productRef = 0659534C2C6E327D0048821E /* SnapKit */; };
		065953502C6E328C0048821E /* IQKeyboardManagerSwift in Frameworks */ = {isa = PBXBuildFile; productRef = 0659534F2C6E328C0048821E /* IQKeyboardManagerSwift */; };
		065953542C6E34540048821E /* BaseViewModel.swift in Sources */ = {isa = PBXBuildFile; fileRef = 065953532C6E34540048821E /* BaseViewModel.swift */; };
		065953562C6E34DC0048821E /* LoginVM.swift in Sources */ = {isa = PBXBuildFile; fileRef = 065953552C6E34DC0048821E /* LoginVM.swift */; };
		0659535A2C6E3B540048821E /* SignUpVC.swift in Sources */ = {isa = PBXBuildFile; fileRef = 065953592C6E3B540048821E /* SignUpVC.swift */; };
		065953622C6E57B00048821E /* SignUpVM.swift in Sources */ = {isa = PBXBuildFile; fileRef = 065953612C6E57B00048821E /* SignUpVM.swift */; };
		065953652C6E64280048821E /* UserDefault.swift in Sources */ = {isa = PBXBuildFile; fileRef = 065953642C6E64280048821E /* UserDefault.swift */; };
		065953682C6E644A0048821E /* UserManager.swift in Sources */ = {isa = PBXBuildFile; fileRef = 065953672C6E644A0048821E /* UserManager.swift */; };
		0659537A2C6F36340048821E /* MainVC.swift in Sources */ = {isa = PBXBuildFile; fileRef = 065953792C6F36340048821E /* MainVC.swift */; };
		0659537C2C6F388D0048821E /* ChangeView.swift in Sources */ = {isa = PBXBuildFile; fileRef = 0659537B2C6F388D0048821E /* ChangeView.swift */; };
		0659537E2C6F3B420048821E /* BookStorageVC.swift in Sources */ = {isa = PBXBuildFile; fileRef = 0659537D2C6F3B420048821E /* BookStorageVC.swift */; };
		065953822C6F3B660048821E /* ChallengeRoomVC.swift in Sources */ = {isa = PBXBuildFile; fileRef = 065953812C6F3B660048821E /* ChallengeRoomVC.swift */; };
		065953862C6F4B2C0048821E /* SearchBarView.swift in Sources */ = {isa = PBXBuildFile; fileRef = 065953852C6F4B2B0048821E /* SearchBarView.swift */; };
		0659538B2C6F58BE0048821E /* BookSearchVC.swift in Sources */ = {isa = PBXBuildFile; fileRef = 0659538A2C6F58BE0048821E /* BookSearchVC.swift */; };
		0659538D2C6F59BA0048821E /* BaseButton.swift in Sources */ = {isa = PBXBuildFile; fileRef = 0659538C2C6F59BA0048821E /* BaseButton.swift */; };
		065953922C6F6BF20048821E /* ShowTopBookCollectionCell.swift in Sources */ = {isa = PBXBuildFile; fileRef = 065953912C6F6BF20048821E /* ShowTopBookCollectionCell.swift */; };
		0661246C2C7C09FE002A1B87 /* ChallengeingVC.swift in Sources */ = {isa = PBXBuildFile; fileRef = 0661246B2C7C09FE002A1B87 /* ChallengeingVC.swift */; };
		0661246E2C7C146D002A1B87 /* BottomSheetVC.swift in Sources */ = {isa = PBXBuildFile; fileRef = 0661246D2C7C146D002A1B87 /* BottomSheetVC.swift */; };
		066124702C7C1529002A1B87 /* SimVC.swift in Sources */ = {isa = PBXBuildFile; fileRef = 0661246F2C7C1529002A1B87 /* SimVC.swift */; };
		06CF472A2C7736D400EC0645 /* RoomState.swift in Sources */ = {isa = PBXBuildFile; fileRef = 06CF47292C7736D400EC0645 /* RoomState.swift */; };
		06CF472C2C773B0400EC0645 /* SearchPostDTO.swift in Sources */ = {isa = PBXBuildFile; fileRef = 06CF472B2C773B0400EC0645 /* SearchPostDTO.swift */; };
		06CF47302C77580D00EC0645 /* CommentsDTO.swift in Sources */ = {isa = PBXBuildFile; fileRef = 06CF472F2C77580D00EC0645 /* CommentsDTO.swift */; };
		06CF47322C77585F00EC0645 /* LikeDTO.swift in Sources */ = {isa = PBXBuildFile; fileRef = 06CF47312C77585F00EC0645 /* LikeDTO.swift */; };
		06CF47342C77607100EC0645 /* LikePostsDTO.swift in Sources */ = {isa = PBXBuildFile; fileRef = 06CF47332C77607100EC0645 /* LikePostsDTO.swift */; };
		06CF47362C7761DA00EC0645 /* FetchPostsDTO.swift in Sources */ = {isa = PBXBuildFile; fileRef = 06CF47352C7761DA00EC0645 /* FetchPostsDTO.swift */; };
		06CF47382C77636F00EC0645 /* UserDTO.swift in Sources */ = {isa = PBXBuildFile; fileRef = 06CF47372C77636F00EC0645 /* UserDTO.swift */; };
		06CF473A2C77649D00EC0645 /* HashtagPostDTO.swift in Sources */ = {isa = PBXBuildFile; fileRef = 06CF47392C77649D00EC0645 /* HashtagPostDTO.swift */; };
		06CF473E2C78B0F500EC0645 /* BookModel.swift in Sources */ = {isa = PBXBuildFile; fileRef = 06CF473D2C78B0F500EC0645 /* BookModel.swift */; };
		06CF47402C78CABF00EC0645 /* CreateRoomModel.swift in Sources */ = {isa = PBXBuildFile; fileRef = 06CF473F2C78CABF00EC0645 /* CreateRoomModel.swift */; };
		06CF47422C78F97800EC0645 /* ProfileDTO.swift in Sources */ = {isa = PBXBuildFile; fileRef = 06CF47412C78F97800EC0645 /* ProfileDTO.swift */; };
		06CF474A2C792CFC00EC0645 /* Differentiator in Frameworks */ = {isa = PBXBuildFile; productRef = 06CF47492C792CFC00EC0645 /* Differentiator */; };
		06CF474C2C792CFC00EC0645 /* RxDataSources in Frameworks */ = {isa = PBXBuildFile; productRef = 06CF474B2C792CFC00EC0645 /* RxDataSources */; };
		06CF474E2C7960D600EC0645 /* ChallengeRoomVM.swift in Sources */ = {isa = PBXBuildFile; fileRef = 06CF474D2C7960D600EC0645 /* ChallengeRoomVM.swift */; };
		06CF47502C7963BA00EC0645 /* ChallengeCollectionCell.swift in Sources */ = {isa = PBXBuildFile; fileRef = 06CF474F2C7963BA00EC0645 /* ChallengeCollectionCell.swift */; };
		06CF47522C79692600EC0645 /* ChallengePostModel.swift in Sources */ = {isa = PBXBuildFile; fileRef = 06CF47512C79692600EC0645 /* ChallengePostModel.swift */; };
		06CF47542C796B4600EC0645 /* CapsuleLabel.swift in Sources */ = {isa = PBXBuildFile; fileRef = 06CF47532C796B4600EC0645 /* CapsuleLabel.swift */; };
		06CF47582C79869D00EC0645 /* TestCollectioCell.swift in Sources */ = {isa = PBXBuildFile; fileRef = 06CF47572C79869D00EC0645 /* TestCollectioCell.swift */; };
		06CF475A2C7A1C1800EC0645 /* BookStorageVM.swift in Sources */ = {isa = PBXBuildFile; fileRef = 06CF47592C7A1C1800EC0645 /* BookStorageVM.swift */; };
		06CF475C2C7A23E600EC0645 /* UnderlineSegmentedControl.swift in Sources */ = {isa = PBXBuildFile; fileRef = 06CF475B2C7A23E600EC0645 /* UnderlineSegmentedControl.swift */; };
		06F93F5B2C737689002F5513 /* Font+.swift in Sources */ = {isa = PBXBuildFile; fileRef = 06F93F5A2C737689002F5513 /* Font+.swift */; };
		06F93F5D2C7398EB002F5513 /* LSLPNetworkManager.swift in Sources */ = {isa = PBXBuildFile; fileRef = 06F93F5C2C7398EB002F5513 /* LSLPNetworkManager.swift */; };
/* End PBXBuildFile section */

/* Begin PBXFileReference section */
		060301DD2C7734080058A113 /* JoinDTO.swift */ = {isa = PBXFileReference; lastKnownFileType = sourcecode.swift; path = JoinDTO.swift; sourceTree = "<group>"; };
		060301DF2C7734CB0058A113 /* WithdrawDTO.swift */ = {isa = PBXFileReference; lastKnownFileType = sourcecode.swift; path = WithdrawDTO.swift; sourceTree = "<group>"; };
		061A34AD2C7606C700491DB1 /* LSLPRouter.swift */ = {isa = PBXFileReference; lastKnownFileType = sourcecode.swift; path = LSLPRouter.swift; sourceTree = "<group>"; };
		061A34B02C76073000491DB1 /* validationEamilDTO.swift */ = {isa = PBXFileReference; lastKnownFileType = sourcecode.swift; path = validationEamilDTO.swift; sourceTree = "<group>"; };
		061A34B22C76081C00491DB1 /* LoginDTO.swift */ = {isa = PBXFileReference; lastKnownFileType = sourcecode.swift; path = LoginDTO.swift; sourceTree = "<group>"; };
		061A34B42C7612F400491DB1 /* contentPostDTO.swift */ = {isa = PBXFileReference; lastKnownFileType = sourcecode.swift; path = contentPostDTO.swift; sourceTree = "<group>"; };
		061A34B62C76132800491DB1 /* ImagePostDTO.swift */ = {isa = PBXFileReference; lastKnownFileType = sourcecode.swift; path = ImagePostDTO.swift; sourceTree = "<group>"; };
		061A34C62C76616B00491DB1 /* RefreshTokenDTO.swift */ = {isa = PBXFileReference; lastKnownFileType = sourcecode.swift; path = RefreshTokenDTO.swift; sourceTree = "<group>"; };
		061A34CA2C76644C00491DB1 /* PostProductID.swift */ = {isa = PBXFileReference; lastKnownFileType = sourcecode.swift; path = PostProductID.swift; sourceTree = "<group>"; };
		061A34CC2C76653D00491DB1 /* LSLPInterceptor.swift */ = {isa = PBXFileReference; lastKnownFileType = sourcecode.swift; path = LSLPInterceptor.swift; sourceTree = "<group>"; };
		061A34CE2C766CF300491DB1 /* NetworkError.swift */ = {isa = PBXFileReference; lastKnownFileType = sourcecode.swift; path = NetworkError.swift; sourceTree = "<group>"; };
		065180392C7C8FC800255228 /* ChallengeDetailVC.swift */ = {isa = PBXFileReference; lastKnownFileType = sourcecode.swift; path = ChallengeDetailVC.swift; sourceTree = "<group>"; };
		0651803B2C7CAA8C00255228 /* ChallengeDetailInputModel.swift */ = {isa = PBXFileReference; lastKnownFileType = sourcecode.swift; path = ChallengeDetailInputModel.swift; sourceTree = "<group>"; };
		0651803D2C7CAABB00255228 /* ChallengeDetailVM.swift */ = {isa = PBXFileReference; lastKnownFileType = sourcecode.swift; path = ChallengeDetailVM.swift; sourceTree = "<group>"; };
		065180502C7DC1BB00255228 /* NSNotification+.swift */ = {isa = PBXFileReference; lastKnownFileType = sourcecode.swift; path = "NSNotification+.swift"; sourceTree = "<group>"; };
		065180522C7DF65B00255228 /* ChallengeingCollectionCell.swift */ = {isa = PBXFileReference; lastKnownFileType = sourcecode.swift; path = ChallengeingCollectionCell.swift; sourceTree = "<group>"; };
		065180612C7F19DF00255228 /* Date+.swift */ = {isa = PBXFileReference; lastKnownFileType = sourcecode.swift; path = "Date+.swift"; sourceTree = "<group>"; };
		065180632C7F2DA200255228 /* JoinButtonType.swift */ = {isa = PBXFileReference; lastKnownFileType = sourcecode.swift; path = JoinButtonType.swift; sourceTree = "<group>"; };
		0651806E2C8059BD00255228 /* PercentView.swift */ = {isa = PBXFileReference; lastKnownFileType = sourcecode.swift; path = PercentView.swift; sourceTree = "<group>"; };
		065180702C80852B00255228 /* BookRoomModel.swift */ = {isa = PBXFileReference; lastKnownFileType = sourcecode.swift; path = BookRoomModel.swift; sourceTree = "<group>"; };
		065180732C809D6200255228 /* ChallengeingVM.swift */ = {isa = PBXFileReference; lastKnownFileType = sourcecode.swift; path = ChallengeingVM.swift; sourceTree = "<group>"; };
		065180752C82207C00255228 /* CommentsPostInputModel.swift */ = {isa = PBXFileReference; lastKnownFileType = sourcecode.swift; path = CommentsPostInputModel.swift; sourceTree = "<group>"; };
		0652C81B2C6F7CBB00BDC64E /* UserChallengeCollectionCell.swift */ = {isa = PBXFileReference; lastKnownFileType = sourcecode.swift; path = UserChallengeCollectionCell.swift; sourceTree = "<group>"; };
		0652C81F2C6F906200BDC64E /* CarouseLayout.swift */ = {isa = PBXFileReference; lastKnownFileType = sourcecode.swift; path = CarouseLayout.swift; sourceTree = "<group>"; };
		0652C8222C6FAEE300BDC64E /* AladinParam.swift */ = {isa = PBXFileReference; lastKnownFileType = sourcecode.swift; path = AladinParam.swift; sourceTree = "<group>"; };
		0652C8242C6FAEEB00BDC64E /* AladinRouter.swift */ = {isa = PBXFileReference; lastKnownFileType = sourcecode.swift; path = AladinRouter.swift; sourceTree = "<group>"; };
		0652C8262C6FAEF900BDC64E /* AladinTargetType.swift */ = {isa = PBXFileReference; lastKnownFileType = sourcecode.swift; path = AladinTargetType.swift; sourceTree = "<group>"; };
		0652C8282C6FAF0900BDC64E /* AladinManager.swift */ = {isa = PBXFileReference; lastKnownFileType = sourcecode.swift; path = AladinManager.swift; sourceTree = "<group>"; };
		0652C82A2C6FB56000BDC64E /* AladinError.swift */ = {isa = PBXFileReference; lastKnownFileType = sourcecode.swift; path = AladinError.swift; sourceTree = "<group>"; };
		0652C82D2C6FB64700BDC64E /* BestsellerDTO.swift */ = {isa = PBXFileReference; lastKnownFileType = sourcecode.swift; path = BestsellerDTO.swift; sourceTree = "<group>"; };
		0652C82F2C6FB89E00BDC64E /* MainVM.swift */ = {isa = PBXFileReference; lastKnownFileType = sourcecode.swift; path = MainVM.swift; sourceTree = "<group>"; };
		0652C8352C6FFF3E00BDC64E /* DetailBookVC.swift */ = {isa = PBXFileReference; lastKnownFileType = sourcecode.swift; path = DetailBookVC.swift; sourceTree = "<group>"; };
		0652C8372C708A1E00BDC64E /* SearchBookDTO.swift */ = {isa = PBXFileReference; lastKnownFileType = sourcecode.swift; path = SearchBookDTO.swift; sourceTree = "<group>"; };
		0652C8392C708A5300BDC64E /* SearchBookWithIDDTO.swift */ = {isa = PBXFileReference; lastKnownFileType = sourcecode.swift; path = SearchBookWithIDDTO.swift; sourceTree = "<group>"; };
		0652C83B2C708AF800BDC64E /* BookDTO.swift */ = {isa = PBXFileReference; lastKnownFileType = sourcecode.swift; path = BookDTO.swift; sourceTree = "<group>"; };
		0652C8432C70A1D000BDC64E /* BookSearchVM.swift */ = {isa = PBXFileReference; lastKnownFileType = sourcecode.swift; path = BookSearchVM.swift; sourceTree = "<group>"; };
		0652C8462C70A23200BDC64E /* BookListCollectionCell.swift */ = {isa = PBXFileReference; lastKnownFileType = sourcecode.swift; path = BookListCollectionCell.swift; sourceTree = "<group>"; };
		0652C84E2C70ADB400BDC64E /* FetchImageProtocol.swift */ = {isa = PBXFileReference; lastKnownFileType = sourcecode.swift; path = FetchImageProtocol.swift; sourceTree = "<group>"; };
		0652C8612C723A7500BDC64E /* BaseHeader.swift */ = {isa = PBXFileReference; lastKnownFileType = sourcecode.swift; path = BaseHeader.swift; sourceTree = "<group>"; };
		0652C86C2C72553B00BDC64E /* RoomCreateVC.swift */ = {isa = PBXFileReference; lastKnownFileType = sourcecode.swift; path = RoomCreateVC.swift; sourceTree = "<group>"; };
		0652C86E2C7268AF00BDC64E /* JustPlustView.swift */ = {isa = PBXFileReference; lastKnownFileType = sourcecode.swift; path = JustPlustView.swift; sourceTree = "<group>"; };
		0652C87C2C732B0700BDC64E /* RoomCreateVM.swift */ = {isa = PBXFileReference; lastKnownFileType = sourcecode.swift; path = RoomCreateVM.swift; sourceTree = "<group>"; };
		065952FE2C6E2F8C0048821E /* BookChallenge.app */ = {isa = PBXFileReference; explicitFileType = wrapper.application; includeInIndex = 0; path = BookChallenge.app; sourceTree = BUILT_PRODUCTS_DIR; };
		065953012C6E2F8C0048821E /* AppDelegate.swift */ = {isa = PBXFileReference; lastKnownFileType = sourcecode.swift; path = AppDelegate.swift; sourceTree = "<group>"; };
		065953032C6E2F8C0048821E /* SceneDelegate.swift */ = {isa = PBXFileReference; lastKnownFileType = sourcecode.swift; path = SceneDelegate.swift; sourceTree = "<group>"; };
		0659530A2C6E2F8D0048821E /* Assets.xcassets */ = {isa = PBXFileReference; lastKnownFileType = folder.assetcatalog; path = Assets.xcassets; sourceTree = "<group>"; };
		0659530D2C6E2F8D0048821E /* Base */ = {isa = PBXFileReference; lastKnownFileType = file.storyboard; name = Base; path = Base.lproj/LaunchScreen.storyboard; sourceTree = "<group>"; };
		0659530F2C6E2F8D0048821E /* Info.plist */ = {isa = PBXFileReference; lastKnownFileType = text.plist.xml; path = Info.plist; sourceTree = "<group>"; };
		065953152C6E2FC20048821E /* .gitignore */ = {isa = PBXFileReference; lastKnownFileType = text; path = .gitignore; sourceTree = "<group>"; };
		0659531D2C6E31E80048821E /* LoginTextField.swift */ = {isa = PBXFileReference; fileEncoding = 4; lastKnownFileType = sourcecode.swift; path = LoginTextField.swift; sourceTree = "<group>"; };
		0659531E2C6E31E80048821E /* PointButton.swift */ = {isa = PBXFileReference; fileEncoding = 4; lastKnownFileType = sourcecode.swift; path = PointButton.swift; sourceTree = "<group>"; };
		065953202C6E31E80048821E /* BaseCollectioViewCell.swift */ = {isa = PBXFileReference; fileEncoding = 4; lastKnownFileType = sourcecode.swift; path = BaseCollectioViewCell.swift; sourceTree = "<group>"; };
		065953212C6E31E80048821E /* BaseView.swift */ = {isa = PBXFileReference; fileEncoding = 4; lastKnownFileType = sourcecode.swift; path = BaseView.swift; sourceTree = "<group>"; };
		065953222C6E31E80048821E /* BaseViewController.swift */ = {isa = PBXFileReference; fileEncoding = 4; lastKnownFileType = sourcecode.swift; path = BaseViewController.swift; sourceTree = "<group>"; };
		065953232C6E31E80048821E /* TabBarController.swift */ = {isa = PBXFileReference; fileEncoding = 4; lastKnownFileType = sourcecode.swift; path = TabBarController.swift; sourceTree = "<group>"; };
		065953252C6E31E80048821E /* LoginVC.swift */ = {isa = PBXFileReference; fileEncoding = 4; lastKnownFileType = sourcecode.swift; path = LoginVC.swift; sourceTree = "<group>"; };
		0659532E2C6E31F90048821E /* UIColor+.swift */ = {isa = PBXFileReference; fileEncoding = 4; lastKnownFileType = sourcecode.swift; path = "UIColor+.swift"; sourceTree = "<group>"; };
		0659532F2C6E31F90048821E /* String+.swift */ = {isa = PBXFileReference; fileEncoding = 4; lastKnownFileType = sourcecode.swift; path = "String+.swift"; sourceTree = "<group>"; };
		065953302C6E31FA0048821E /* ReuseIdentifier+.swift */ = {isa = PBXFileReference; fileEncoding = 4; lastKnownFileType = sourcecode.swift; path = "ReuseIdentifier+.swift"; sourceTree = "<group>"; };
		065953312C6E31FA0048821E /* UIImage+.swift */ = {isa = PBXFileReference; fileEncoding = 4; lastKnownFileType = sourcecode.swift; path = "UIImage+.swift"; sourceTree = "<group>"; };
		065953362C6E31FF0048821E /* LoginTextType.swift */ = {isa = PBXFileReference; fileEncoding = 4; lastKnownFileType = sourcecode.swift; path = LoginTextType.swift; sourceTree = "<group>"; };
		065953382C6E32060048821E /* APIKey.swift */ = {isa = PBXFileReference; fileEncoding = 4; lastKnownFileType = sourcecode.swift; path = APIKey.swift; sourceTree = "<group>"; };
		065953532C6E34540048821E /* BaseViewModel.swift */ = {isa = PBXFileReference; lastKnownFileType = sourcecode.swift; path = BaseViewModel.swift; sourceTree = "<group>"; };
		065953552C6E34DC0048821E /* LoginVM.swift */ = {isa = PBXFileReference; lastKnownFileType = sourcecode.swift; path = LoginVM.swift; sourceTree = "<group>"; };
		065953592C6E3B540048821E /* SignUpVC.swift */ = {isa = PBXFileReference; lastKnownFileType = sourcecode.swift; path = SignUpVC.swift; sourceTree = "<group>"; };
		065953612C6E57B00048821E /* SignUpVM.swift */ = {isa = PBXFileReference; lastKnownFileType = sourcecode.swift; path = SignUpVM.swift; sourceTree = "<group>"; };
		065953642C6E64280048821E /* UserDefault.swift */ = {isa = PBXFileReference; lastKnownFileType = sourcecode.swift; path = UserDefault.swift; sourceTree = "<group>"; };
		065953672C6E644A0048821E /* UserManager.swift */ = {isa = PBXFileReference; lastKnownFileType = sourcecode.swift; path = UserManager.swift; sourceTree = "<group>"; };
		065953792C6F36340048821E /* MainVC.swift */ = {isa = PBXFileReference; lastKnownFileType = sourcecode.swift; path = MainVC.swift; sourceTree = "<group>"; };
		0659537B2C6F388D0048821E /* ChangeView.swift */ = {isa = PBXFileReference; lastKnownFileType = sourcecode.swift; path = ChangeView.swift; sourceTree = "<group>"; };
		0659537D2C6F3B420048821E /* BookStorageVC.swift */ = {isa = PBXFileReference; lastKnownFileType = sourcecode.swift; path = BookStorageVC.swift; sourceTree = "<group>"; };
		065953812C6F3B660048821E /* ChallengeRoomVC.swift */ = {isa = PBXFileReference; lastKnownFileType = sourcecode.swift; path = ChallengeRoomVC.swift; sourceTree = "<group>"; };
		065953852C6F4B2B0048821E /* SearchBarView.swift */ = {isa = PBXFileReference; fileEncoding = 4; lastKnownFileType = sourcecode.swift; path = SearchBarView.swift; sourceTree = "<group>"; };
		0659538A2C6F58BE0048821E /* BookSearchVC.swift */ = {isa = PBXFileReference; lastKnownFileType = sourcecode.swift; path = BookSearchVC.swift; sourceTree = "<group>"; };
		0659538C2C6F59BA0048821E /* BaseButton.swift */ = {isa = PBXFileReference; lastKnownFileType = sourcecode.swift; path = BaseButton.swift; sourceTree = "<group>"; };
		065953912C6F6BF20048821E /* ShowTopBookCollectionCell.swift */ = {isa = PBXFileReference; lastKnownFileType = sourcecode.swift; path = ShowTopBookCollectionCell.swift; sourceTree = "<group>"; };
		0661246B2C7C09FE002A1B87 /* ChallengeingVC.swift */ = {isa = PBXFileReference; lastKnownFileType = sourcecode.swift; path = ChallengeingVC.swift; sourceTree = "<group>"; };
		0661246D2C7C146D002A1B87 /* BottomSheetVC.swift */ = {isa = PBXFileReference; fileEncoding = 4; lastKnownFileType = sourcecode.swift; path = BottomSheetVC.swift; sourceTree = "<group>"; };
		0661246F2C7C1529002A1B87 /* SimVC.swift */ = {isa = PBXFileReference; lastKnownFileType = sourcecode.swift; path = SimVC.swift; sourceTree = "<group>"; };
		06CF47292C7736D400EC0645 /* RoomState.swift */ = {isa = PBXFileReference; lastKnownFileType = sourcecode.swift; path = RoomState.swift; sourceTree = "<group>"; };
		06CF472B2C773B0400EC0645 /* SearchPostDTO.swift */ = {isa = PBXFileReference; lastKnownFileType = sourcecode.swift; path = SearchPostDTO.swift; sourceTree = "<group>"; };
		06CF472F2C77580D00EC0645 /* CommentsDTO.swift */ = {isa = PBXFileReference; lastKnownFileType = sourcecode.swift; path = CommentsDTO.swift; sourceTree = "<group>"; };
		06CF47312C77585F00EC0645 /* LikeDTO.swift */ = {isa = PBXFileReference; lastKnownFileType = sourcecode.swift; path = LikeDTO.swift; sourceTree = "<group>"; };
		06CF47332C77607100EC0645 /* LikePostsDTO.swift */ = {isa = PBXFileReference; lastKnownFileType = sourcecode.swift; path = LikePostsDTO.swift; sourceTree = "<group>"; };
		06CF47352C7761DA00EC0645 /* FetchPostsDTO.swift */ = {isa = PBXFileReference; lastKnownFileType = sourcecode.swift; path = FetchPostsDTO.swift; sourceTree = "<group>"; };
		06CF47372C77636F00EC0645 /* UserDTO.swift */ = {isa = PBXFileReference; lastKnownFileType = sourcecode.swift; path = UserDTO.swift; sourceTree = "<group>"; };
		06CF47392C77649D00EC0645 /* HashtagPostDTO.swift */ = {isa = PBXFileReference; lastKnownFileType = sourcecode.swift; path = HashtagPostDTO.swift; sourceTree = "<group>"; };
		06CF473D2C78B0F500EC0645 /* BookModel.swift */ = {isa = PBXFileReference; lastKnownFileType = sourcecode.swift; path = BookModel.swift; sourceTree = "<group>"; };
		06CF473F2C78CABF00EC0645 /* CreateRoomModel.swift */ = {isa = PBXFileReference; lastKnownFileType = sourcecode.swift; path = CreateRoomModel.swift; sourceTree = "<group>"; };
		06CF47412C78F97800EC0645 /* ProfileDTO.swift */ = {isa = PBXFileReference; lastKnownFileType = sourcecode.swift; path = ProfileDTO.swift; sourceTree = "<group>"; };
		06CF474D2C7960D600EC0645 /* ChallengeRoomVM.swift */ = {isa = PBXFileReference; lastKnownFileType = sourcecode.swift; path = ChallengeRoomVM.swift; sourceTree = "<group>"; };
		06CF474F2C7963BA00EC0645 /* ChallengeCollectionCell.swift */ = {isa = PBXFileReference; lastKnownFileType = sourcecode.swift; path = ChallengeCollectionCell.swift; sourceTree = "<group>"; };
		06CF47512C79692600EC0645 /* ChallengePostModel.swift */ = {isa = PBXFileReference; lastKnownFileType = sourcecode.swift; path = ChallengePostModel.swift; sourceTree = "<group>"; };
		06CF47532C796B4600EC0645 /* CapsuleLabel.swift */ = {isa = PBXFileReference; lastKnownFileType = sourcecode.swift; path = CapsuleLabel.swift; sourceTree = "<group>"; };
		06CF47572C79869D00EC0645 /* TestCollectioCell.swift */ = {isa = PBXFileReference; lastKnownFileType = sourcecode.swift; path = TestCollectioCell.swift; sourceTree = "<group>"; };
		06CF47592C7A1C1800EC0645 /* BookStorageVM.swift */ = {isa = PBXFileReference; lastKnownFileType = sourcecode.swift; path = BookStorageVM.swift; sourceTree = "<group>"; };
		06CF475B2C7A23E600EC0645 /* UnderlineSegmentedControl.swift */ = {isa = PBXFileReference; lastKnownFileType = sourcecode.swift; path = UnderlineSegmentedControl.swift; sourceTree = "<group>"; };
		06F93F5A2C737689002F5513 /* Font+.swift */ = {isa = PBXFileReference; lastKnownFileType = sourcecode.swift; path = "Font+.swift"; sourceTree = "<group>"; };
		06F93F5C2C7398EB002F5513 /* LSLPNetworkManager.swift */ = {isa = PBXFileReference; lastKnownFileType = sourcecode.swift; path = LSLPNetworkManager.swift; sourceTree = "<group>"; };
/* End PBXFileReference section */

/* Begin PBXFrameworksBuildPhase section */
		065952FB2C6E2F8C0048821E /* Frameworks */ = {
			isa = PBXFrameworksBuildPhase;
			buildActionMask = 2147483647;
			files = (
				061A34BB2C76176B00491DB1 /* RxMoya in Frameworks */,
				0659534A2C6E32690048821E /* RxSwift in Frameworks */,
				06CF474A2C792CFC00EC0645 /* Differentiator in Frameworks */,
				065953502C6E328C0048821E /* IQKeyboardManagerSwift in Frameworks */,
				061A34AC2C76069800491DB1 /* Moya in Frameworks */,
				065953452C6E325A0048821E /* Kingfisher in Frameworks */,
				0659533F2C6E324E0048821E /* Toast in Frameworks */,
				065180362C7C60C200255228 /* NVActivityIndicatorViewExtended in Frameworks */,
				0659534D2C6E327D0048821E /* SnapKit in Frameworks */,
				065953482C6E32690048821E /* RxCocoa in Frameworks */,
				06CF474C2C792CFC00EC0645 /* RxDataSources in Frameworks */,
				065180342C7C60C200255228 /* NVActivityIndicatorView in Frameworks */,
				065953422C6E32540048821E /* Then in Frameworks */,
				0659533C2C6E32480048821E /* Alamofire in Frameworks */,
			);
			runOnlyForDeploymentPostprocessing = 0;
		};
/* End PBXFrameworksBuildPhase section */

/* Begin PBXGroup section */
		061A34AF2C7606CF00491DB1 /* DTO */ = {
			isa = PBXGroup;
			children = (
				06CF47372C77636F00EC0645 /* UserDTO.swift */,
				060301DD2C7734080058A113 /* JoinDTO.swift */,
				061A34B02C76073000491DB1 /* validationEamilDTO.swift */,
				061A34B22C76081C00491DB1 /* LoginDTO.swift */,
				061A34C62C76616B00491DB1 /* RefreshTokenDTO.swift */,
				060301DF2C7734CB0058A113 /* WithdrawDTO.swift */,
				061A34B62C76132800491DB1 /* ImagePostDTO.swift */,
				061A34B42C7612F400491DB1 /* contentPostDTO.swift */,
				06CF47352C7761DA00EC0645 /* FetchPostsDTO.swift */,
				06CF472B2C773B0400EC0645 /* SearchPostDTO.swift */,
				06CF472F2C77580D00EC0645 /* CommentsDTO.swift */,
				06CF47312C77585F00EC0645 /* LikeDTO.swift */,
				06CF47332C77607100EC0645 /* LikePostsDTO.swift */,
				06CF47392C77649D00EC0645 /* HashtagPostDTO.swift */,
				06CF47412C78F97800EC0645 /* ProfileDTO.swift */,
			);
			path = DTO;
			sourceTree = "<group>";
		};
		065180722C809D5400255228 /* Challengeing */ = {
			isa = PBXGroup;
			children = (
				0661246B2C7C09FE002A1B87 /* ChallengeingVC.swift */,
				065180732C809D6200255228 /* ChallengeingVM.swift */,
			);
			path = Challengeing;
			sourceTree = "<group>";
		};
		0652C8212C6FAC5D00BDC64E /* Aladin */ = {
			isa = PBXGroup;
			children = (
				0652C82C2C6FB61D00BDC64E /* DTO */,
				0652C8222C6FAEE300BDC64E /* AladinParam.swift */,
				0652C8262C6FAEF900BDC64E /* AladinTargetType.swift */,
				0652C8242C6FAEEB00BDC64E /* AladinRouter.swift */,
				0652C8282C6FAF0900BDC64E /* AladinManager.swift */,
			);
			path = Aladin;
			sourceTree = "<group>";
		};
		0652C82C2C6FB61D00BDC64E /* DTO */ = {
			isa = PBXGroup;
			children = (
				0652C83B2C708AF800BDC64E /* BookDTO.swift */,
				0652C82D2C6FB64700BDC64E /* BestsellerDTO.swift */,
				0652C8372C708A1E00BDC64E /* SearchBookDTO.swift */,
				0652C8392C708A5300BDC64E /* SearchBookWithIDDTO.swift */,
			);
			path = DTO;
			sourceTree = "<group>";
		};
		0652C8312C6FBE9400BDC64E /* Model */ = {
			isa = PBXGroup;
			children = (
				06CF473D2C78B0F500EC0645 /* BookModel.swift */,
				06CF47512C79692600EC0645 /* ChallengePostModel.swift */,
				065180702C80852B00255228 /* BookRoomModel.swift */,
			);
			path = Model;
			sourceTree = "<group>";
		};
		0652C8342C6FFF1C00BDC64E /* DetailBook */ = {
			isa = PBXGroup;
			children = (
				0652C8352C6FFF3E00BDC64E /* DetailBookVC.swift */,
			);
			path = DetailBook;
			sourceTree = "<group>";
		};
		0652C86B2C72551700BDC64E /* RoomCreate */ = {
			isa = PBXGroup;
			children = (
				0652C86C2C72553B00BDC64E /* RoomCreateVC.swift */,
				0652C87C2C732B0700BDC64E /* RoomCreateVM.swift */,
				06CF473F2C78CABF00EC0645 /* CreateRoomModel.swift */,
			);
			path = RoomCreate;
			sourceTree = "<group>";
		};
		065952F52C6E2F8C0048821E = {
			isa = PBXGroup;
			children = (
				065953152C6E2FC20048821E /* .gitignore */,
				065953002C6E2F8C0048821E /* BookChallenge */,
				065952FF2C6E2F8C0048821E /* Products */,
			);
			sourceTree = "<group>";
		};
		065952FF2C6E2F8C0048821E /* Products */ = {
			isa = PBXGroup;
			children = (
				065952FE2C6E2F8C0048821E /* BookChallenge.app */,
			);
			name = Products;
			sourceTree = "<group>";
		};
		065953002C6E2F8C0048821E /* BookChallenge */ = {
			isa = PBXGroup;
			children = (
				065953012C6E2F8C0048821E /* AppDelegate.swift */,
				065953032C6E2F8C0048821E /* SceneDelegate.swift */,
				0659535E2C6E56490048821E /* Protocol */,
				0659531B2C6E31C50048821E /* Enum */,
				0659531A2C6E31AA0048821E /* Extension+ */,
				065953192C6E31A10048821E /* Service */,
				0652C8312C6FBE9400BDC64E /* Model */,
				065953572C6E38930048821E /* View */,
				0659530A2C6E2F8D0048821E /* Assets.xcassets */,
				0659530C2C6E2F8D0048821E /* LaunchScreen.storyboard */,
				0659530F2C6E2F8D0048821E /* Info.plist */,
			);
			path = BookChallenge;
			sourceTree = "<group>";
		};
		065953192C6E31A10048821E /* Service */ = {
			isa = PBXGroup;
			children = (
				0659535B2C6E4B660048821E /* Error */,
				065953632C6E640C0048821E /* Managaer */,
			);
			path = Service;
			sourceTree = "<group>";
		};
		0659531A2C6E31AA0048821E /* Extension+ */ = {
			isa = PBXGroup;
			children = (
				065953242C6E31E80048821E /* Base */,
				065953302C6E31FA0048821E /* ReuseIdentifier+.swift */,
				0659532F2C6E31F90048821E /* String+.swift */,
				0659532E2C6E31F90048821E /* UIColor+.swift */,
				065953312C6E31FA0048821E /* UIImage+.swift */,
				06F93F5A2C737689002F5513 /* Font+.swift */,
				065180502C7DC1BB00255228 /* NSNotification+.swift */,
				065180612C7F19DF00255228 /* Date+.swift */,
			);
			path = "Extension+";
			sourceTree = "<group>";
		};
		0659531B2C6E31C50048821E /* Enum */ = {
			isa = PBXGroup;
			children = (
				065953362C6E31FF0048821E /* LoginTextType.swift */,
				061A34CA2C76644C00491DB1 /* PostProductID.swift */,
				06CF47292C7736D400EC0645 /* RoomState.swift */,
			);
			path = Enum;
			sourceTree = "<group>";
		};
		0659531F2C6E31E80048821E /* Custom */ = {
			isa = PBXGroup;
			children = (
				0659531D2C6E31E80048821E /* LoginTextField.swift */,
				0659531E2C6E31E80048821E /* PointButton.swift */,
				065953852C6F4B2B0048821E /* SearchBarView.swift */,
				0652C86E2C7268AF00BDC64E /* JustPlustView.swift */,
				06CF47532C796B4600EC0645 /* CapsuleLabel.swift */,
				0651806E2C8059BD00255228 /* PercentView.swift */,
			);
			path = Custom;
			sourceTree = "<group>";
		};
		065953242C6E31E80048821E /* Base */ = {
			isa = PBXGroup;
			children = (
				065953212C6E31E80048821E /* BaseView.swift */,
				065953222C6E31E80048821E /* BaseViewController.swift */,
				065953532C6E34540048821E /* BaseViewModel.swift */,
				065953202C6E31E80048821E /* BaseCollectioViewCell.swift */,
				0659538C2C6F59BA0048821E /* BaseButton.swift */,
			);
			path = Base;
			sourceTree = "<group>";
		};
		065953262C6E31E80048821E /* Login */ = {
			isa = PBXGroup;
			children = (
				065953252C6E31E80048821E /* LoginVC.swift */,
				065953552C6E34DC0048821E /* LoginVM.swift */,
			);
			path = Login;
			sourceTree = "<group>";
		};
		065953572C6E38930048821E /* View */ = {
			isa = PBXGroup;
			children = (
				065953232C6E31E80048821E /* TabBarController.swift */,
				065953902C6F6BDD0048821E /* CollectionCell */,
				0652C8342C6FFF1C00BDC64E /* DetailBook */,
				065953892C6F58B30048821E /* BookSearch */,
				065953802C6F3B500048821E /* ChallengeRoom */,
				0659537F2C6F3B470048821E /* BookStrage */,
				065953782C6F36280048821E /* Main */,
				065953262C6E31E80048821E /* Login */,
				065953582C6E3B410048821E /* SignUp */,
				0659531F2C6E31E80048821E /* Custom */,
			);
			path = View;
			sourceTree = "<group>";
		};
		065953582C6E3B410048821E /* SignUp */ = {
			isa = PBXGroup;
			children = (
				065953592C6E3B540048821E /* SignUpVC.swift */,
				065953612C6E57B00048821E /* SignUpVM.swift */,
			);
			path = SignUp;
			sourceTree = "<group>";
		};
		0659535B2C6E4B660048821E /* Error */ = {
			isa = PBXGroup;
			children = (
				0652C82A2C6FB56000BDC64E /* AladinError.swift */,
				061A34CE2C766CF300491DB1 /* NetworkError.swift */,
			);
			path = Error;
			sourceTree = "<group>";
		};
		0659535E2C6E56490048821E /* Protocol */ = {
			isa = PBXGroup;
			children = (
				0659537B2C6F388D0048821E /* ChangeView.swift */,
				0652C84E2C70ADB400BDC64E /* FetchImageProtocol.swift */,
			);
			path = Protocol;
			sourceTree = "<group>";
		};
		065953632C6E640C0048821E /* Managaer */ = {
			isa = PBXGroup;
			children = (
				065953382C6E32060048821E /* APIKey.swift */,
				065953662C6E64360048821E /* User */,
				0652C8212C6FAC5D00BDC64E /* Aladin */,
				0659536B2C6E693C0048821E /* LSLP */,
			);
			path = Managaer;
			sourceTree = "<group>";
		};
		065953662C6E64360048821E /* User */ = {
			isa = PBXGroup;
			children = (
				065953642C6E64280048821E /* UserDefault.swift */,
				065953672C6E644A0048821E /* UserManager.swift */,
			);
			path = User;
			sourceTree = "<group>";
		};
		0659536B2C6E693C0048821E /* LSLP */ = {
			isa = PBXGroup;
			children = (
				061A34AF2C7606CF00491DB1 /* DTO */,
				0652C8612C723A7500BDC64E /* BaseHeader.swift */,
				061A34AD2C7606C700491DB1 /* LSLPRouter.swift */,
				061A34CC2C76653D00491DB1 /* LSLPInterceptor.swift */,
				06F93F5C2C7398EB002F5513 /* LSLPNetworkManager.swift */,
			);
			path = LSLP;
			sourceTree = "<group>";
		};
		065953782C6F36280048821E /* Main */ = {
			isa = PBXGroup;
			children = (
				065953792C6F36340048821E /* MainVC.swift */,
				0652C82F2C6FB89E00BDC64E /* MainVM.swift */,
			);
			path = Main;
			sourceTree = "<group>";
		};
		0659537F2C6F3B470048821E /* BookStrage */ = {
			isa = PBXGroup;
			children = (
				065180722C809D5400255228 /* Challengeing */,
				0659537D2C6F3B420048821E /* BookStorageVC.swift */,
				06CF47592C7A1C1800EC0645 /* BookStorageVM.swift */,
				065180522C7DF65B00255228 /* ChallengeingCollectionCell.swift */,
				06CF475B2C7A23E600EC0645 /* UnderlineSegmentedControl.swift */,
				0661246D2C7C146D002A1B87 /* BottomSheetVC.swift */,
				0661246F2C7C1529002A1B87 /* SimVC.swift */,
				065180752C82207C00255228 /* CommentsPostInputModel.swift */,
			);
			path = BookStrage;
			sourceTree = "<group>";
		};
		065953802C6F3B500048821E /* ChallengeRoom */ = {
			isa = PBXGroup;
			children = (
				06CF47612C7B972200EC0645 /* ChallengeDetail */,
				0652C86B2C72551700BDC64E /* RoomCreate */,
				065953812C6F3B660048821E /* ChallengeRoomVC.swift */,
				06CF474D2C7960D600EC0645 /* ChallengeRoomVM.swift */,
			);
			path = ChallengeRoom;
			sourceTree = "<group>";
		};
		065953892C6F58B30048821E /* BookSearch */ = {
			isa = PBXGroup;
			children = (
				0659538A2C6F58BE0048821E /* BookSearchVC.swift */,
				0652C8432C70A1D000BDC64E /* BookSearchVM.swift */,
			);
			path = BookSearch;
			sourceTree = "<group>";
		};
		065953902C6F6BDD0048821E /* CollectionCell */ = {
			isa = PBXGroup;
			children = (
				0652C8462C70A23200BDC64E /* BookListCollectionCell.swift */,
				0652C81F2C6F906200BDC64E /* CarouseLayout.swift */,
				065953912C6F6BF20048821E /* ShowTopBookCollectionCell.swift */,
				0652C81B2C6F7CBB00BDC64E /* UserChallengeCollectionCell.swift */,
				06CF474F2C7963BA00EC0645 /* ChallengeCollectionCell.swift */,
				06CF47572C79869D00EC0645 /* TestCollectioCell.swift */,
			);
			path = CollectionCell;
			sourceTree = "<group>";
		};
		06CF47612C7B972200EC0645 /* ChallengeDetail */ = {
			isa = PBXGroup;
			children = (
				065180392C7C8FC800255228 /* ChallengeDetailVC.swift */,
				0651803D2C7CAABB00255228 /* ChallengeDetailVM.swift */,
				0651803B2C7CAA8C00255228 /* ChallengeDetailInputModel.swift */,
				065180632C7F2DA200255228 /* JoinButtonType.swift */,
			);
			path = ChallengeDetail;
			sourceTree = "<group>";
		};
/* End PBXGroup section */

/* Begin PBXNativeTarget section */
		065952FD2C6E2F8C0048821E /* BookChallenge */ = {
			isa = PBXNativeTarget;
			buildConfigurationList = 065953122C6E2F8D0048821E /* Build configuration list for PBXNativeTarget "BookChallenge" */;
			buildPhases = (
				065952FA2C6E2F8C0048821E /* Sources */,
				065952FB2C6E2F8C0048821E /* Frameworks */,
				065952FC2C6E2F8C0048821E /* Resources */,
			);
			buildRules = (
			);
			dependencies = (
			);
			name = BookChallenge;
			packageProductDependencies = (
				0659533B2C6E32480048821E /* Alamofire */,
				0659533E2C6E324E0048821E /* Toast */,
				065953412C6E32540048821E /* Then */,
				065953442C6E325A0048821E /* Kingfisher */,
				065953472C6E32690048821E /* RxCocoa */,
				065953492C6E32690048821E /* RxSwift */,
				0659534C2C6E327D0048821E /* SnapKit */,
				0659534F2C6E328C0048821E /* IQKeyboardManagerSwift */,
				061A34AB2C76069800491DB1 /* Moya */,
				061A34BA2C76176B00491DB1 /* RxMoya */,
				06CF47492C792CFC00EC0645 /* Differentiator */,
				06CF474B2C792CFC00EC0645 /* RxDataSources */,
				065180332C7C60C200255228 /* NVActivityIndicatorView */,
				065180352C7C60C200255228 /* NVActivityIndicatorViewExtended */,
			);
			productName = BookChallenge;
			productReference = 065952FE2C6E2F8C0048821E /* BookChallenge.app */;
			productType = "com.apple.product-type.application";
		};
/* End PBXNativeTarget section */

/* Begin PBXProject section */
		065952F62C6E2F8C0048821E /* Project object */ = {
			isa = PBXProject;
			attributes = {
				BuildIndependentTargetsInParallel = 1;
				LastSwiftUpdateCheck = 1540;
				LastUpgradeCheck = 1540;
				TargetAttributes = {
					065952FD2C6E2F8C0048821E = {
						CreatedOnToolsVersion = 15.4;
					};
				};
			};
			buildConfigurationList = 065952F92C6E2F8C0048821E /* Build configuration list for PBXProject "BookChallenge" */;
			compatibilityVersion = "Xcode 14.0";
			developmentRegion = en;
			hasScannedForEncodings = 0;
			knownRegions = (
				en,
				Base,
			);
			mainGroup = 065952F52C6E2F8C0048821E;
			packageReferences = (
				0659533A2C6E32480048821E /* XCRemoteSwiftPackageReference "Alamofire" */,
				0659533D2C6E324E0048821E /* XCRemoteSwiftPackageReference "Toast-Swift" */,
				065953402C6E32540048821E /* XCRemoteSwiftPackageReference "Then" */,
				065953432C6E325A0048821E /* XCRemoteSwiftPackageReference "Kingfisher" */,
				065953462C6E32690048821E /* XCRemoteSwiftPackageReference "RxSwift" */,
				0659534B2C6E327D0048821E /* XCRemoteSwiftPackageReference "SnapKit" */,
				0659534E2C6E328C0048821E /* XCRemoteSwiftPackageReference "IQKeyboardManager" */,
				061A34AA2C76069800491DB1 /* XCRemoteSwiftPackageReference "Moya" */,
				06CF47482C792CFC00EC0645 /* XCRemoteSwiftPackageReference "RxDataSources" */,
				065180322C7C60C200255228 /* XCRemoteSwiftPackageReference "NVActivityIndicatorView" */,
			);
			productRefGroup = 065952FF2C6E2F8C0048821E /* Products */;
			projectDirPath = "";
			projectRoot = "";
			targets = (
				065952FD2C6E2F8C0048821E /* BookChallenge */,
			);
		};
/* End PBXProject section */

/* Begin PBXResourcesBuildPhase section */
		065952FC2C6E2F8C0048821E /* Resources */ = {
			isa = PBXResourcesBuildPhase;
			buildActionMask = 2147483647;
			files = (
				0659530B2C6E2F8D0048821E /* Assets.xcassets in Resources */,
				065953162C6E2FC20048821E /* .gitignore in Resources */,
				0659530E2C6E2F8D0048821E /* Base in Resources */,
			);
			runOnlyForDeploymentPostprocessing = 0;
		};
/* End PBXResourcesBuildPhase section */

/* Begin PBXSourcesBuildPhase section */
		065952FA2C6E2F8C0048821E /* Sources */ = {
			isa = PBXSourcesBuildPhase;
			buildActionMask = 2147483647;
			files = (
				06F93F5D2C7398EB002F5513 /* LSLPNetworkManager.swift in Sources */,
				06CF47342C77607100EC0645 /* LikePostsDTO.swift in Sources */,
				065180762C82207C00255228 /* CommentsPostInputModel.swift in Sources */,
				06CF473A2C77649D00EC0645 /* HashtagPostDTO.swift in Sources */,
				06F93F5B2C737689002F5513 /* Font+.swift in Sources */,
				061A34CB2C76644C00491DB1 /* PostProductID.swift in Sources */,
				0651803E2C7CAABB00255228 /* ChallengeDetailVM.swift in Sources */,
				0652C8302C6FB89E00BDC64E /* MainVM.swift in Sources */,
				0652C8442C70A1D000BDC64E /* BookSearchVM.swift in Sources */,
				065180712C80852B00255228 /* BookRoomModel.swift in Sources */,
				065953822C6F3B660048821E /* ChallengeRoomVC.swift in Sources */,
				065953292C6E31E80048821E /* BaseCollectioViewCell.swift in Sources */,
				0651803C2C7CAA8C00255228 /* ChallengeDetailInputModel.swift in Sources */,
				0651806F2C8059BD00255228 /* PercentView.swift in Sources */,
				0659537A2C6F36340048821E /* MainVC.swift in Sources */,
				0652C8202C6F906200BDC64E /* CarouseLayout.swift in Sources */,
				060301E02C7734CB0058A113 /* WithdrawDTO.swift in Sources */,
				0659532C2C6E31E80048821E /* TabBarController.swift in Sources */,
				061A34CD2C76653D00491DB1 /* LSLPInterceptor.swift in Sources */,
				06CF47302C77580D00EC0645 /* CommentsDTO.swift in Sources */,
				061A34B72C76132800491DB1 /* ImagePostDTO.swift in Sources */,
				06CF472C2C773B0400EC0645 /* SearchPostDTO.swift in Sources */,
				065953272C6E31E80048821E /* LoginTextField.swift in Sources */,
				0659538B2C6F58BE0048821E /* BookSearchVC.swift in Sources */,
				06CF475C2C7A23E600EC0645 /* UnderlineSegmentedControl.swift in Sources */,
				065953342C6E31FA0048821E /* ReuseIdentifier+.swift in Sources */,
				0652C8382C708A1E00BDC64E /* SearchBookDTO.swift in Sources */,
				0652C86D2C72553B00BDC64E /* RoomCreateVC.swift in Sources */,
				061A34B32C76081C00491DB1 /* LoginDTO.swift in Sources */,
				0659537E2C6F3B420048821E /* BookStorageVC.swift in Sources */,
				065953922C6F6BF20048821E /* ShowTopBookCollectionCell.swift in Sources */,
				065953392C6E32060048821E /* APIKey.swift in Sources */,
				061A34B12C76073000491DB1 /* validationEamilDTO.swift in Sources */,
				065953542C6E34540048821E /* BaseViewModel.swift in Sources */,
				06CF47542C796B4600EC0645 /* CapsuleLabel.swift in Sources */,
				0652C8472C70A23200BDC64E /* BookListCollectionCell.swift in Sources */,
				0659537C2C6F388D0048821E /* ChangeView.swift in Sources */,
				0652C83A2C708A5300BDC64E /* SearchBookWithIDDTO.swift in Sources */,
				06CF47502C7963BA00EC0645 /* ChallengeCollectionCell.swift in Sources */,
				06CF47362C7761DA00EC0645 /* FetchPostsDTO.swift in Sources */,
				0652C82E2C6FB64700BDC64E /* BestsellerDTO.swift in Sources */,
				06CF47382C77636F00EC0645 /* UserDTO.swift in Sources */,
				065180742C809D6200255228 /* ChallengeingVM.swift in Sources */,
				065953682C6E644A0048821E /* UserManager.swift in Sources */,
				06CF475A2C7A1C1800EC0645 /* BookStorageVM.swift in Sources */,
				065953022C6E2F8C0048821E /* AppDelegate.swift in Sources */,
				0659532A2C6E31E80048821E /* BaseView.swift in Sources */,
				065953372C6E31FF0048821E /* LoginTextType.swift in Sources */,
				061A34B52C7612F400491DB1 /* contentPostDTO.swift in Sources */,
				0652C86F2C7268AF00BDC64E /* JustPlustView.swift in Sources */,
				0652C8252C6FAEEB00BDC64E /* AladinRouter.swift in Sources */,
				06CF47522C79692600EC0645 /* ChallengePostModel.swift in Sources */,
				06CF473E2C78B0F500EC0645 /* BookModel.swift in Sources */,
				066124702C7C1529002A1B87 /* SimVC.swift in Sources */,
				06CF472A2C7736D400EC0645 /* RoomState.swift in Sources */,
				0661246E2C7C146D002A1B87 /* BottomSheetVC.swift in Sources */,
				0661246C2C7C09FE002A1B87 /* ChallengeingVC.swift in Sources */,
				06CF47422C78F97800EC0645 /* ProfileDTO.swift in Sources */,
				0659532D2C6E31E80048821E /* LoginVC.swift in Sources */,
				0659535A2C6E3B540048821E /* SignUpVC.swift in Sources */,
				065180532C7DF65B00255228 /* ChallengeingCollectionCell.swift in Sources */,
				0659538D2C6F59BA0048821E /* BaseButton.swift in Sources */,
				065953282C6E31E80048821E /* PointButton.swift in Sources */,
				06CF47322C77585F00EC0645 /* LikeDTO.swift in Sources */,
				061A34AE2C7606C700491DB1 /* LSLPRouter.swift in Sources */,
				065180512C7DC1BB00255228 /* NSNotification+.swift in Sources */,
				0652C82B2C6FB56000BDC64E /* AladinError.swift in Sources */,
				0652C8292C6FAF0900BDC64E /* AladinManager.swift in Sources */,
				06CF474E2C7960D600EC0645 /* ChallengeRoomVM.swift in Sources */,
				065953622C6E57B00048821E /* SignUpVM.swift in Sources */,
				0652C81C2C6F7CBB00BDC64E /* UserChallengeCollectionCell.swift in Sources */,
				065953652C6E64280048821E /* UserDefault.swift in Sources */,
				0652C8622C723A7500BDC64E /* BaseHeader.swift in Sources */,
				0652C84F2C70ADB400BDC64E /* FetchImageProtocol.swift in Sources */,
				06CF47402C78CABF00EC0645 /* CreateRoomModel.swift in Sources */,
				061A34CF2C766CF300491DB1 /* NetworkError.swift in Sources */,
				065953332C6E31FA0048821E /* String+.swift in Sources */,
				0652C8272C6FAEF900BDC64E /* AladinTargetType.swift in Sources */,
				065953352C6E31FA0048821E /* UIImage+.swift in Sources */,
				0659532B2C6E31E80048821E /* BaseViewController.swift in Sources */,
				065180622C7F19DF00255228 /* Date+.swift in Sources */,
				060301DE2C7734080058A113 /* JoinDTO.swift in Sources */,
				065953042C6E2F8C0048821E /* SceneDelegate.swift in Sources */,
				065180642C7F2DA200255228 /* JoinButtonType.swift in Sources */,
				0652C87D2C732B0700BDC64E /* RoomCreateVM.swift in Sources */,
				065953322C6E31FA0048821E /* UIColor+.swift in Sources */,
				0652C8362C6FFF3E00BDC64E /* DetailBookVC.swift in Sources */,
				0651803A2C7C8FC800255228 /* ChallengeDetailVC.swift in Sources */,
				06CF47582C79869D00EC0645 /* TestCollectioCell.swift in Sources */,
				065953862C6F4B2C0048821E /* SearchBarView.swift in Sources */,
				065953562C6E34DC0048821E /* LoginVM.swift in Sources */,
				061A34C72C76616B00491DB1 /* RefreshTokenDTO.swift in Sources */,
				0652C83C2C708AF800BDC64E /* BookDTO.swift in Sources */,
				0652C8232C6FAEE300BDC64E /* AladinParam.swift in Sources */,
			);
			runOnlyForDeploymentPostprocessing = 0;
		};
/* End PBXSourcesBuildPhase section */

/* Begin PBXVariantGroup section */
		0659530C2C6E2F8D0048821E /* LaunchScreen.storyboard */ = {
			isa = PBXVariantGroup;
			children = (
				0659530D2C6E2F8D0048821E /* Base */,
			);
			name = LaunchScreen.storyboard;
			sourceTree = "<group>";
		};
/* End PBXVariantGroup section */

/* Begin XCBuildConfiguration section */
		065953102C6E2F8D0048821E /* Debug */ = {
			isa = XCBuildConfiguration;
			buildSettings = {
				ALWAYS_SEARCH_USER_PATHS = NO;
				ASSETCATALOG_COMPILER_GENERATE_SWIFT_ASSET_SYMBOL_EXTENSIONS = YES;
				CLANG_ANALYZER_NONNULL = YES;
				CLANG_ANALYZER_NUMBER_OBJECT_CONVERSION = YES_AGGRESSIVE;
				CLANG_CXX_LANGUAGE_STANDARD = "gnu++20";
				CLANG_ENABLE_MODULES = YES;
				CLANG_ENABLE_OBJC_ARC = YES;
				CLANG_ENABLE_OBJC_WEAK = YES;
				CLANG_WARN_BLOCK_CAPTURE_AUTORELEASING = YES;
				CLANG_WARN_BOOL_CONVERSION = YES;
				CLANG_WARN_COMMA = YES;
				CLANG_WARN_CONSTANT_CONVERSION = YES;
				CLANG_WARN_DEPRECATED_OBJC_IMPLEMENTATIONS = YES;
				CLANG_WARN_DIRECT_OBJC_ISA_USAGE = YES_ERROR;
				CLANG_WARN_DOCUMENTATION_COMMENTS = YES;
				CLANG_WARN_EMPTY_BODY = YES;
				CLANG_WARN_ENUM_CONVERSION = YES;
				CLANG_WARN_INFINITE_RECURSION = YES;
				CLANG_WARN_INT_CONVERSION = YES;
				CLANG_WARN_NON_LITERAL_NULL_CONVERSION = YES;
				CLANG_WARN_OBJC_IMPLICIT_RETAIN_SELF = YES;
				CLANG_WARN_OBJC_LITERAL_CONVERSION = YES;
				CLANG_WARN_OBJC_ROOT_CLASS = YES_ERROR;
				CLANG_WARN_QUOTED_INCLUDE_IN_FRAMEWORK_HEADER = YES;
				CLANG_WARN_RANGE_LOOP_ANALYSIS = YES;
				CLANG_WARN_STRICT_PROTOTYPES = YES;
				CLANG_WARN_SUSPICIOUS_MOVE = YES;
				CLANG_WARN_UNGUARDED_AVAILABILITY = YES_AGGRESSIVE;
				CLANG_WARN_UNREACHABLE_CODE = YES;
				CLANG_WARN__DUPLICATE_METHOD_MATCH = YES;
				COPY_PHASE_STRIP = NO;
				DEBUG_INFORMATION_FORMAT = dwarf;
				ENABLE_STRICT_OBJC_MSGSEND = YES;
				ENABLE_TESTABILITY = YES;
				ENABLE_USER_SCRIPT_SANDBOXING = YES;
				GCC_C_LANGUAGE_STANDARD = gnu17;
				GCC_DYNAMIC_NO_PIC = NO;
				GCC_NO_COMMON_BLOCKS = YES;
				GCC_OPTIMIZATION_LEVEL = 0;
				GCC_PREPROCESSOR_DEFINITIONS = (
					"DEBUG=1",
					"$(inherited)",
				);
				GCC_WARN_64_TO_32_BIT_CONVERSION = YES;
				GCC_WARN_ABOUT_RETURN_TYPE = YES_ERROR;
				GCC_WARN_UNDECLARED_SELECTOR = YES;
				GCC_WARN_UNINITIALIZED_AUTOS = YES_AGGRESSIVE;
				GCC_WARN_UNUSED_FUNCTION = YES;
				GCC_WARN_UNUSED_VARIABLE = YES;
				IPHONEOS_DEPLOYMENT_TARGET = 17.5;
				LOCALIZATION_PREFERS_STRING_CATALOGS = YES;
				MTL_ENABLE_DEBUG_INFO = INCLUDE_SOURCE;
				MTL_FAST_MATH = YES;
				ONLY_ACTIVE_ARCH = YES;
				SDKROOT = iphoneos;
				SWIFT_ACTIVE_COMPILATION_CONDITIONS = "DEBUG $(inherited)";
				SWIFT_OPTIMIZATION_LEVEL = "-Onone";
			};
			name = Debug;
		};
		065953112C6E2F8D0048821E /* Release */ = {
			isa = XCBuildConfiguration;
			buildSettings = {
				ALWAYS_SEARCH_USER_PATHS = NO;
				ASSETCATALOG_COMPILER_GENERATE_SWIFT_ASSET_SYMBOL_EXTENSIONS = YES;
				CLANG_ANALYZER_NONNULL = YES;
				CLANG_ANALYZER_NUMBER_OBJECT_CONVERSION = YES_AGGRESSIVE;
				CLANG_CXX_LANGUAGE_STANDARD = "gnu++20";
				CLANG_ENABLE_MODULES = YES;
				CLANG_ENABLE_OBJC_ARC = YES;
				CLANG_ENABLE_OBJC_WEAK = YES;
				CLANG_WARN_BLOCK_CAPTURE_AUTORELEASING = YES;
				CLANG_WARN_BOOL_CONVERSION = YES;
				CLANG_WARN_COMMA = YES;
				CLANG_WARN_CONSTANT_CONVERSION = YES;
				CLANG_WARN_DEPRECATED_OBJC_IMPLEMENTATIONS = YES;
				CLANG_WARN_DIRECT_OBJC_ISA_USAGE = YES_ERROR;
				CLANG_WARN_DOCUMENTATION_COMMENTS = YES;
				CLANG_WARN_EMPTY_BODY = YES;
				CLANG_WARN_ENUM_CONVERSION = YES;
				CLANG_WARN_INFINITE_RECURSION = YES;
				CLANG_WARN_INT_CONVERSION = YES;
				CLANG_WARN_NON_LITERAL_NULL_CONVERSION = YES;
				CLANG_WARN_OBJC_IMPLICIT_RETAIN_SELF = YES;
				CLANG_WARN_OBJC_LITERAL_CONVERSION = YES;
				CLANG_WARN_OBJC_ROOT_CLASS = YES_ERROR;
				CLANG_WARN_QUOTED_INCLUDE_IN_FRAMEWORK_HEADER = YES;
				CLANG_WARN_RANGE_LOOP_ANALYSIS = YES;
				CLANG_WARN_STRICT_PROTOTYPES = YES;
				CLANG_WARN_SUSPICIOUS_MOVE = YES;
				CLANG_WARN_UNGUARDED_AVAILABILITY = YES_AGGRESSIVE;
				CLANG_WARN_UNREACHABLE_CODE = YES;
				CLANG_WARN__DUPLICATE_METHOD_MATCH = YES;
				COPY_PHASE_STRIP = NO;
				DEBUG_INFORMATION_FORMAT = "dwarf-with-dsym";
				ENABLE_NS_ASSERTIONS = NO;
				ENABLE_STRICT_OBJC_MSGSEND = YES;
				ENABLE_USER_SCRIPT_SANDBOXING = YES;
				GCC_C_LANGUAGE_STANDARD = gnu17;
				GCC_NO_COMMON_BLOCKS = YES;
				GCC_WARN_64_TO_32_BIT_CONVERSION = YES;
				GCC_WARN_ABOUT_RETURN_TYPE = YES_ERROR;
				GCC_WARN_UNDECLARED_SELECTOR = YES;
				GCC_WARN_UNINITIALIZED_AUTOS = YES_AGGRESSIVE;
				GCC_WARN_UNUSED_FUNCTION = YES;
				GCC_WARN_UNUSED_VARIABLE = YES;
				IPHONEOS_DEPLOYMENT_TARGET = 17.5;
				LOCALIZATION_PREFERS_STRING_CATALOGS = YES;
				MTL_ENABLE_DEBUG_INFO = NO;
				MTL_FAST_MATH = YES;
				SDKROOT = iphoneos;
				SWIFT_COMPILATION_MODE = wholemodule;
				VALIDATE_PRODUCT = YES;
			};
			name = Release;
		};
		065953132C6E2F8D0048821E /* Debug */ = {
			isa = XCBuildConfiguration;
			buildSettings = {
				ASSETCATALOG_COMPILER_APPICON_NAME = AppIcon;
				ASSETCATALOG_COMPILER_GLOBAL_ACCENT_COLOR_NAME = AccentColor;
				CODE_SIGN_STYLE = Automatic;
				CURRENT_PROJECT_VERSION = 1;
				DEVELOPMENT_TEAM = G9LS4YQCM2;
				GENERATE_INFOPLIST_FILE = YES;
				INFOPLIST_FILE = BookChallenge/Info.plist;
				INFOPLIST_KEY_CFBundleDisplayName = BookChallenge;
				INFOPLIST_KEY_UIApplicationSupportsIndirectInputEvents = YES;
				INFOPLIST_KEY_UILaunchStoryboardName = LaunchScreen;
				INFOPLIST_KEY_UISupportedInterfaceOrientations = UIInterfaceOrientationPortrait;
				INFOPLIST_KEY_UISupportedInterfaceOrientations_iPad = "UIInterfaceOrientationLandscapeLeft UIInterfaceOrientationLandscapeRight UIInterfaceOrientationPortrait UIInterfaceOrientationPortraitUpsideDown";
				INFOPLIST_KEY_UIUserInterfaceStyle = Light;
				IPHONEOS_DEPLOYMENT_TARGET = 17.0;
				LD_RUNPATH_SEARCH_PATHS = (
					"$(inherited)",
					"@executable_path/Frameworks",
				);
				MARKETING_VERSION = 1.0;
				PRODUCT_BUNDLE_IDENTIFIER = com.Sixteenis.BookChallenge;
				PRODUCT_NAME = "$(TARGET_NAME)";
				SUPPORTED_PLATFORMS = "iphoneos iphonesimulator";
				SUPPORTS_MACCATALYST = NO;
				SUPPORTS_MAC_DESIGNED_FOR_IPHONE_IPAD = NO;
				SUPPORTS_XR_DESIGNED_FOR_IPHONE_IPAD = NO;
				SWIFT_EMIT_LOC_STRINGS = YES;
				SWIFT_VERSION = 5.0;
				TARGETED_DEVICE_FAMILY = 1;
			};
			name = Debug;
		};
		065953142C6E2F8D0048821E /* Release */ = {
			isa = XCBuildConfiguration;
			buildSettings = {
				ASSETCATALOG_COMPILER_APPICON_NAME = AppIcon;
				ASSETCATALOG_COMPILER_GLOBAL_ACCENT_COLOR_NAME = AccentColor;
				CODE_SIGN_STYLE = Automatic;
				CURRENT_PROJECT_VERSION = 1;
				DEVELOPMENT_TEAM = G9LS4YQCM2;
				GENERATE_INFOPLIST_FILE = YES;
				INFOPLIST_FILE = BookChallenge/Info.plist;
				INFOPLIST_KEY_CFBundleDisplayName = BookChallenge;
				INFOPLIST_KEY_UIApplicationSupportsIndirectInputEvents = YES;
				INFOPLIST_KEY_UILaunchStoryboardName = LaunchScreen;
				INFOPLIST_KEY_UISupportedInterfaceOrientations = UIInterfaceOrientationPortrait;
				INFOPLIST_KEY_UISupportedInterfaceOrientations_iPad = "UIInterfaceOrientationLandscapeLeft UIInterfaceOrientationLandscapeRight UIInterfaceOrientationPortrait UIInterfaceOrientationPortraitUpsideDown";
				INFOPLIST_KEY_UIUserInterfaceStyle = Light;
				IPHONEOS_DEPLOYMENT_TARGET = 17.0;
				LD_RUNPATH_SEARCH_PATHS = (
					"$(inherited)",
					"@executable_path/Frameworks",
				);
				MARKETING_VERSION = 1.0;
				PRODUCT_BUNDLE_IDENTIFIER = com.Sixteenis.BookChallenge;
				PRODUCT_NAME = "$(TARGET_NAME)";
				SUPPORTED_PLATFORMS = "iphoneos iphonesimulator";
				SUPPORTS_MACCATALYST = NO;
				SUPPORTS_MAC_DESIGNED_FOR_IPHONE_IPAD = NO;
				SUPPORTS_XR_DESIGNED_FOR_IPHONE_IPAD = NO;
				SWIFT_EMIT_LOC_STRINGS = YES;
				SWIFT_VERSION = 5.0;
				TARGETED_DEVICE_FAMILY = 1;
			};
			name = Release;
		};
/* End XCBuildConfiguration section */

/* Begin XCConfigurationList section */
		065952F92C6E2F8C0048821E /* Build configuration list for PBXProject "BookChallenge" */ = {
			isa = XCConfigurationList;
			buildConfigurations = (
				065953102C6E2F8D0048821E /* Debug */,
				065953112C6E2F8D0048821E /* Release */,
			);
			defaultConfigurationIsVisible = 0;
			defaultConfigurationName = Release;
		};
		065953122C6E2F8D0048821E /* Build configuration list for PBXNativeTarget "BookChallenge" */ = {
			isa = XCConfigurationList;
			buildConfigurations = (
				065953132C6E2F8D0048821E /* Debug */,
				065953142C6E2F8D0048821E /* Release */,
			);
			defaultConfigurationIsVisible = 0;
			defaultConfigurationName = Release;
		};
/* End XCConfigurationList section */

/* Begin XCRemoteSwiftPackageReference section */
		061A34AA2C76069800491DB1 /* XCRemoteSwiftPackageReference "Moya" */ = {
			isa = XCRemoteSwiftPackageReference;
			repositoryURL = "https://github.com/Moya/Moya.git";
			requirement = {
				kind = upToNextMajorVersion;
				minimumVersion = 15.0.3;
			};
		};
		065180322C7C60C200255228 /* XCRemoteSwiftPackageReference "NVActivityIndicatorView" */ = {
			isa = XCRemoteSwiftPackageReference;
			repositoryURL = "https://github.com/ninjaprox/NVActivityIndicatorView.git";
			requirement = {
				kind = upToNextMajorVersion;
				minimumVersion = 5.2.0;
			};
		};
		0659533A2C6E32480048821E /* XCRemoteSwiftPackageReference "Alamofire" */ = {
			isa = XCRemoteSwiftPackageReference;
			repositoryURL = "https://github.com/Alamofire/Alamofire.git";
			requirement = {
				kind = upToNextMajorVersion;
				minimumVersion = 5.9.1;
			};
		};
		0659533D2C6E324E0048821E /* XCRemoteSwiftPackageReference "Toast-Swift" */ = {
			isa = XCRemoteSwiftPackageReference;
			repositoryURL = "https://github.com/scalessec/Toast-Swift.git";
			requirement = {
				kind = upToNextMajorVersion;
				minimumVersion = 5.1.1;
			};
		};
		065953402C6E32540048821E /* XCRemoteSwiftPackageReference "Then" */ = {
			isa = XCRemoteSwiftPackageReference;
			repositoryURL = "https://github.com/devxoul/Then.git";
			requirement = {
				kind = upToNextMajorVersion;
				minimumVersion = 3.0.0;
			};
		};
		065953432C6E325A0048821E /* XCRemoteSwiftPackageReference "Kingfisher" */ = {
			isa = XCRemoteSwiftPackageReference;
			repositoryURL = "https://github.com/onevcat/Kingfisher.git";
			requirement = {
				kind = upToNextMajorVersion;
				minimumVersion = 7.12.0;
			};
		};
		065953462C6E32690048821E /* XCRemoteSwiftPackageReference "RxSwift" */ = {
			isa = XCRemoteSwiftPackageReference;
			repositoryURL = "https://github.com/ReactiveX/RxSwift.git";
			requirement = {
				kind = upToNextMajorVersion;
				minimumVersion = 6.7.1;
			};
		};
		0659534B2C6E327D0048821E /* XCRemoteSwiftPackageReference "SnapKit" */ = {
			isa = XCRemoteSwiftPackageReference;
			repositoryURL = "https://github.com/SnapKit/SnapKit.git";
			requirement = {
				kind = upToNextMajorVersion;
				minimumVersion = 5.7.1;
			};
		};
		0659534E2C6E328C0048821E /* XCRemoteSwiftPackageReference "IQKeyboardManager" */ = {
			isa = XCRemoteSwiftPackageReference;
			repositoryURL = "https://github.com/hackiftekhar/IQKeyboardManager.git";
			requirement = {
				kind = upToNextMajorVersion;
				minimumVersion = 7.1.1;
			};
		};
		06CF47482C792CFC00EC0645 /* XCRemoteSwiftPackageReference "RxDataSources" */ = {
			isa = XCRemoteSwiftPackageReference;
			repositoryURL = "https://github.com/RxSwiftCommunity/RxDataSources.git";
			requirement = {
				kind = upToNextMajorVersion;
				minimumVersion = 5.0.2;
			};
		};
/* End XCRemoteSwiftPackageReference section */

/* Begin XCSwiftPackageProductDependency section */
		061A34AB2C76069800491DB1 /* Moya */ = {
			isa = XCSwiftPackageProductDependency;
			package = 061A34AA2C76069800491DB1 /* XCRemoteSwiftPackageReference "Moya" */;
			productName = Moya;
		};
		061A34BA2C76176B00491DB1 /* RxMoya */ = {
			isa = XCSwiftPackageProductDependency;
			package = 061A34AA2C76069800491DB1 /* XCRemoteSwiftPackageReference "Moya" */;
			productName = RxMoya;
		};
		065180332C7C60C200255228 /* NVActivityIndicatorView */ = {
			isa = XCSwiftPackageProductDependency;
			package = 065180322C7C60C200255228 /* XCRemoteSwiftPackageReference "NVActivityIndicatorView" */;
			productName = NVActivityIndicatorView;
		};
		065180352C7C60C200255228 /* NVActivityIndicatorViewExtended */ = {
			isa = XCSwiftPackageProductDependency;
			package = 065180322C7C60C200255228 /* XCRemoteSwiftPackageReference "NVActivityIndicatorView" */;
			productName = NVActivityIndicatorViewExtended;
		};
		0659533B2C6E32480048821E /* Alamofire */ = {
			isa = XCSwiftPackageProductDependency;
			package = 0659533A2C6E32480048821E /* XCRemoteSwiftPackageReference "Alamofire" */;
			productName = Alamofire;
		};
		0659533E2C6E324E0048821E /* Toast */ = {
			isa = XCSwiftPackageProductDependency;
			package = 0659533D2C6E324E0048821E /* XCRemoteSwiftPackageReference "Toast-Swift" */;
			productName = Toast;
		};
		065953412C6E32540048821E /* Then */ = {
			isa = XCSwiftPackageProductDependency;
			package = 065953402C6E32540048821E /* XCRemoteSwiftPackageReference "Then" */;
			productName = Then;
		};
		065953442C6E325A0048821E /* Kingfisher */ = {
			isa = XCSwiftPackageProductDependency;
			package = 065953432C6E325A0048821E /* XCRemoteSwiftPackageReference "Kingfisher" */;
			productName = Kingfisher;
		};
		065953472C6E32690048821E /* RxCocoa */ = {
			isa = XCSwiftPackageProductDependency;
			package = 065953462C6E32690048821E /* XCRemoteSwiftPackageReference "RxSwift" */;
			productName = RxCocoa;
		};
		065953492C6E32690048821E /* RxSwift */ = {
			isa = XCSwiftPackageProductDependency;
			package = 065953462C6E32690048821E /* XCRemoteSwiftPackageReference "RxSwift" */;
			productName = RxSwift;
		};
		0659534C2C6E327D0048821E /* SnapKit */ = {
			isa = XCSwiftPackageProductDependency;
			package = 0659534B2C6E327D0048821E /* XCRemoteSwiftPackageReference "SnapKit" */;
			productName = SnapKit;
		};
		0659534F2C6E328C0048821E /* IQKeyboardManagerSwift */ = {
			isa = XCSwiftPackageProductDependency;
			package = 0659534E2C6E328C0048821E /* XCRemoteSwiftPackageReference "IQKeyboardManager" */;
			productName = IQKeyboardManagerSwift;
		};
		06CF47492C792CFC00EC0645 /* Differentiator */ = {
			isa = XCSwiftPackageProductDependency;
			package = 06CF47482C792CFC00EC0645 /* XCRemoteSwiftPackageReference "RxDataSources" */;
			productName = Differentiator;
		};
		06CF474B2C792CFC00EC0645 /* RxDataSources */ = {
			isa = XCSwiftPackageProductDependency;
			package = 06CF47482C792CFC00EC0645 /* XCRemoteSwiftPackageReference "RxDataSources" */;
			productName = RxDataSources;
		};
/* End XCSwiftPackageProductDependency section */
	};
	rootObject = 065952F62C6E2F8C0048821E /* Project object */;
}
