// !$*UTF8*$!
{
	archiveVersion = 1;
	classes = {
	};
	objectVersion = 56;
	objects = {

/* Begin PBXBuildFile section */
		065953022C6E2F8C0048821E /* AppDelegate.swift in Sources */ = {isa = PBXBuildFile; fileRef = 065953012C6E2F8C0048821E /* AppDelegate.swift */; };
		065953042C6E2F8C0048821E /* SceneDelegate.swift in Sources */ = {isa = PBXBuildFile; fileRef = 065953032C6E2F8C0048821E /* SceneDelegate.swift */; };
		0659530B2C6E2F8D0048821E /* Assets.xcassets in Resources */ = {isa = PBXBuildFile; fileRef = 0659530A2C6E2F8D0048821E /* Assets.xcassets */; };
		0659530E2C6E2F8D0048821E /* Base in Resources */ = {isa = PBXBuildFile; fileRef = 0659530D2C6E2F8D0048821E /* Base */; };
		065953162C6E2FC20048821E /* .gitignore in Resources */ = {isa = PBXBuildFile; fileRef = 065953152C6E2FC20048821E /* .gitignore */; };
		065953272C6E31E80048821E /* LoginTextField.swift in Sources */ = {isa = PBXBuildFile; fileRef = 0659531D2C6E31E80048821E /* LoginTextField.swift */; };
		065953282C6E31E80048821E /* PointButton.swift in Sources */ = {isa = PBXBuildFile; fileRef = 0659531E2C6E31E80048821E /* PointButton.swift */; };
		065953292C6E31E80048821E /* BaseCollectioViewCell.swift in Sources */ = {isa = PBXBuildFile; fileRef = 065953202C6E31E80048821E /* BaseCollectioViewCell.swift */; };
		0659532A2C6E31E80048821E /* BaseView.swift in Sources */ = {isa = PBXBuildFile; fileRef = 065953212C6E31E80048821E /* BaseView.swift */; };
		0659532B2C6E31E80048821E /* BaseViewController.swift in Sources */ = {isa = PBXBuildFile; fileRef = 065953222C6E31E80048821E /* BaseViewController.swift */; };
		0659532C2C6E31E80048821E /* TabBarController.swift in Sources */ = {isa = PBXBuildFile; fileRef = 065953232C6E31E80048821E /* TabBarController.swift */; };
		0659532D2C6E31E80048821E /* LoginVC.swift in Sources */ = {isa = PBXBuildFile; fileRef = 065953252C6E31E80048821E /* LoginVC.swift */; };
		065953322C6E31FA0048821E /* UIColor+.swift in Sources */ = {isa = PBXBuildFile; fileRef = 0659532E2C6E31F90048821E /* UIColor+.swift */; };
		065953332C6E31FA0048821E /* String+.swift in Sources */ = {isa = PBXBuildFile; fileRef = 0659532F2C6E31F90048821E /* String+.swift */; };
		065953342C6E31FA0048821E /* ReuseIdentifier+.swift in Sources */ = {isa = PBXBuildFile; fileRef = 065953302C6E31FA0048821E /* ReuseIdentifier+.swift */; };
		065953352C6E31FA0048821E /* UIImage+.swift in Sources */ = {isa = PBXBuildFile; fileRef = 065953312C6E31FA0048821E /* UIImage+.swift */; };
		065953372C6E31FF0048821E /* LoginTextType.swift in Sources */ = {isa = PBXBuildFile; fileRef = 065953362C6E31FF0048821E /* LoginTextType.swift */; };
		065953392C6E32060048821E /* APIKey.swift in Sources */ = {isa = PBXBuildFile; fileRef = 065953382C6E32060048821E /* APIKey.swift */; };
		0659533C2C6E32480048821E /* Alamofire in Frameworks */ = {isa = PBXBuildFile; productRef = 0659533B2C6E32480048821E /* Alamofire */; };
		0659533F2C6E324E0048821E /* Toast in Frameworks */ = {isa = PBXBuildFile; productRef = 0659533E2C6E324E0048821E /* Toast */; };
		065953422C6E32540048821E /* Then in Frameworks */ = {isa = PBXBuildFile; productRef = 065953412C6E32540048821E /* Then */; };
		065953452C6E325A0048821E /* Kingfisher in Frameworks */ = {isa = PBXBuildFile; productRef = 065953442C6E325A0048821E /* Kingfisher */; };
		065953482C6E32690048821E /* RxCocoa in Frameworks */ = {isa = PBXBuildFile; productRef = 065953472C6E32690048821E /* RxCocoa */; };
		0659534A2C6E32690048821E /* RxSwift in Frameworks */ = {isa = PBXBuildFile; productRef = 065953492C6E32690048821E /* RxSwift */; };
		0659534D2C6E327D0048821E /* SnapKit in Frameworks */ = {isa = PBXBuildFile; productRef = 0659534C2C6E327D0048821E /* SnapKit */; };
		065953502C6E328C0048821E /* IQKeyboardManagerSwift in Frameworks */ = {isa = PBXBuildFile; productRef = 0659534F2C6E328C0048821E /* IQKeyboardManagerSwift */; };
		065953542C6E34540048821E /* BaseViewModel.swift in Sources */ = {isa = PBXBuildFile; fileRef = 065953532C6E34540048821E /* BaseViewModel.swift */; };
		065953562C6E34DC0048821E /* LoginVM.swift in Sources */ = {isa = PBXBuildFile; fileRef = 065953552C6E34DC0048821E /* LoginVM.swift */; };
		0659535A2C6E3B540048821E /* SignUpVC.swift in Sources */ = {isa = PBXBuildFile; fileRef = 065953592C6E3B540048821E /* SignUpVC.swift */; };
		0659535D2C6E4B750048821E /* LoginError.swift in Sources */ = {isa = PBXBuildFile; fileRef = 0659535C2C6E4B750048821E /* LoginError.swift */; };
		065953602C6E56530048821E /* Alert.swift in Sources */ = {isa = PBXBuildFile; fileRef = 0659535F2C6E56530048821E /* Alert.swift */; };
		065953622C6E57B00048821E /* SignUpVM.swift in Sources */ = {isa = PBXBuildFile; fileRef = 065953612C6E57B00048821E /* SignUpVM.swift */; };
		065953652C6E64280048821E /* UserDefault.swift in Sources */ = {isa = PBXBuildFile; fileRef = 065953642C6E64280048821E /* UserDefault.swift */; };
		065953682C6E644A0048821E /* UserManager.swift in Sources */ = {isa = PBXBuildFile; fileRef = 065953672C6E644A0048821E /* UserManager.swift */; };
		0659536A2C6E68810048821E /* LSLPManager.swift in Sources */ = {isa = PBXBuildFile; fileRef = 065953692C6E68810048821E /* LSLPManager.swift */; };
		0659536D2C6E69490048821E /* Header.swift in Sources */ = {isa = PBXBuildFile; fileRef = 0659536C2C6E69490048821E /* Header.swift */; };
		0659536F2C6E69500048821E /* Router.swift in Sources */ = {isa = PBXBuildFile; fileRef = 0659536E2C6E69500048821E /* Router.swift */; };
		065953712C6E695C0048821E /* TargetType.swift in Sources */ = {isa = PBXBuildFile; fileRef = 065953702C6E695C0048821E /* TargetType.swift */; };
		065953742C6E6A260048821E /* LoginQuery.swift in Sources */ = {isa = PBXBuildFile; fileRef = 065953732C6E6A260048821E /* LoginQuery.swift */; };
		065953772C6E6BBA0048821E /* LoginDTO.swift in Sources */ = {isa = PBXBuildFile; fileRef = 065953762C6E6BBA0048821E /* LoginDTO.swift */; };
		0659537A2C6F36340048821E /* MainVC.swift in Sources */ = {isa = PBXBuildFile; fileRef = 065953792C6F36340048821E /* MainVC.swift */; };
		0659537C2C6F388D0048821E /* ChangeView.swift in Sources */ = {isa = PBXBuildFile; fileRef = 0659537B2C6F388D0048821E /* ChangeView.swift */; };
		0659537E2C6F3B420048821E /* BookStorageVC.swift in Sources */ = {isa = PBXBuildFile; fileRef = 0659537D2C6F3B420048821E /* BookStorageVC.swift */; };
		065953822C6F3B660048821E /* ChallengeRoomVC.swift in Sources */ = {isa = PBXBuildFile; fileRef = 065953812C6F3B660048821E /* ChallengeRoomVC.swift */; };
/* End PBXBuildFile section */

/* Begin PBXFileReference section */
		065952FE2C6E2F8C0048821E /* BookChallenge.app */ = {isa = PBXFileReference; explicitFileType = wrapper.application; includeInIndex = 0; path = BookChallenge.app; sourceTree = BUILT_PRODUCTS_DIR; };
		065953012C6E2F8C0048821E /* AppDelegate.swift */ = {isa = PBXFileReference; lastKnownFileType = sourcecode.swift; path = AppDelegate.swift; sourceTree = "<group>"; };
		065953032C6E2F8C0048821E /* SceneDelegate.swift */ = {isa = PBXFileReference; lastKnownFileType = sourcecode.swift; path = SceneDelegate.swift; sourceTree = "<group>"; };
		0659530A2C6E2F8D0048821E /* Assets.xcassets */ = {isa = PBXFileReference; lastKnownFileType = folder.assetcatalog; path = Assets.xcassets; sourceTree = "<group>"; };
		0659530D2C6E2F8D0048821E /* Base */ = {isa = PBXFileReference; lastKnownFileType = file.storyboard; name = Base; path = Base.lproj/LaunchScreen.storyboard; sourceTree = "<group>"; };
		0659530F2C6E2F8D0048821E /* Info.plist */ = {isa = PBXFileReference; lastKnownFileType = text.plist.xml; path = Info.plist; sourceTree = "<group>"; };
		065953152C6E2FC20048821E /* .gitignore */ = {isa = PBXFileReference; lastKnownFileType = text; path = .gitignore; sourceTree = "<group>"; };
		0659531D2C6E31E80048821E /* LoginTextField.swift */ = {isa = PBXFileReference; fileEncoding = 4; lastKnownFileType = sourcecode.swift; path = LoginTextField.swift; sourceTree = "<group>"; };
		0659531E2C6E31E80048821E /* PointButton.swift */ = {isa = PBXFileReference; fileEncoding = 4; lastKnownFileType = sourcecode.swift; path = PointButton.swift; sourceTree = "<group>"; };
		065953202C6E31E80048821E /* BaseCollectioViewCell.swift */ = {isa = PBXFileReference; fileEncoding = 4; lastKnownFileType = sourcecode.swift; path = BaseCollectioViewCell.swift; sourceTree = "<group>"; };
		065953212C6E31E80048821E /* BaseView.swift */ = {isa = PBXFileReference; fileEncoding = 4; lastKnownFileType = sourcecode.swift; path = BaseView.swift; sourceTree = "<group>"; };
		065953222C6E31E80048821E /* BaseViewController.swift */ = {isa = PBXFileReference; fileEncoding = 4; lastKnownFileType = sourcecode.swift; path = BaseViewController.swift; sourceTree = "<group>"; };
		065953232C6E31E80048821E /* TabBarController.swift */ = {isa = PBXFileReference; fileEncoding = 4; lastKnownFileType = sourcecode.swift; path = TabBarController.swift; sourceTree = "<group>"; };
		065953252C6E31E80048821E /* LoginVC.swift */ = {isa = PBXFileReference; fileEncoding = 4; lastKnownFileType = sourcecode.swift; path = LoginVC.swift; sourceTree = "<group>"; };
		0659532E2C6E31F90048821E /* UIColor+.swift */ = {isa = PBXFileReference; fileEncoding = 4; lastKnownFileType = sourcecode.swift; path = "UIColor+.swift"; sourceTree = "<group>"; };
		0659532F2C6E31F90048821E /* String+.swift */ = {isa = PBXFileReference; fileEncoding = 4; lastKnownFileType = sourcecode.swift; path = "String+.swift"; sourceTree = "<group>"; };
		065953302C6E31FA0048821E /* ReuseIdentifier+.swift */ = {isa = PBXFileReference; fileEncoding = 4; lastKnownFileType = sourcecode.swift; path = "ReuseIdentifier+.swift"; sourceTree = "<group>"; };
		065953312C6E31FA0048821E /* UIImage+.swift */ = {isa = PBXFileReference; fileEncoding = 4; lastKnownFileType = sourcecode.swift; path = "UIImage+.swift"; sourceTree = "<group>"; };
		065953362C6E31FF0048821E /* LoginTextType.swift */ = {isa = PBXFileReference; fileEncoding = 4; lastKnownFileType = sourcecode.swift; path = LoginTextType.swift; sourceTree = "<group>"; };
		065953382C6E32060048821E /* APIKey.swift */ = {isa = PBXFileReference; fileEncoding = 4; lastKnownFileType = sourcecode.swift; path = APIKey.swift; sourceTree = "<group>"; };
		065953532C6E34540048821E /* BaseViewModel.swift */ = {isa = PBXFileReference; lastKnownFileType = sourcecode.swift; path = BaseViewModel.swift; sourceTree = "<group>"; };
		065953552C6E34DC0048821E /* LoginVM.swift */ = {isa = PBXFileReference; lastKnownFileType = sourcecode.swift; path = LoginVM.swift; sourceTree = "<group>"; };
		065953592C6E3B540048821E /* SignUpVC.swift */ = {isa = PBXFileReference; lastKnownFileType = sourcecode.swift; path = SignUpVC.swift; sourceTree = "<group>"; };
		0659535C2C6E4B750048821E /* LoginError.swift */ = {isa = PBXFileReference; lastKnownFileType = sourcecode.swift; path = LoginError.swift; sourceTree = "<group>"; };
		0659535F2C6E56530048821E /* Alert.swift */ = {isa = PBXFileReference; lastKnownFileType = sourcecode.swift; path = Alert.swift; sourceTree = "<group>"; };
		065953612C6E57B00048821E /* SignUpVM.swift */ = {isa = PBXFileReference; lastKnownFileType = sourcecode.swift; path = SignUpVM.swift; sourceTree = "<group>"; };
		065953642C6E64280048821E /* UserDefault.swift */ = {isa = PBXFileReference; lastKnownFileType = sourcecode.swift; path = UserDefault.swift; sourceTree = "<group>"; };
		065953672C6E644A0048821E /* UserManager.swift */ = {isa = PBXFileReference; lastKnownFileType = sourcecode.swift; path = UserManager.swift; sourceTree = "<group>"; };
		065953692C6E68810048821E /* LSLPManager.swift */ = {isa = PBXFileReference; lastKnownFileType = sourcecode.swift; path = LSLPManager.swift; sourceTree = "<group>"; };
		0659536C2C6E69490048821E /* Header.swift */ = {isa = PBXFileReference; lastKnownFileType = sourcecode.swift; path = Header.swift; sourceTree = "<group>"; };
		0659536E2C6E69500048821E /* Router.swift */ = {isa = PBXFileReference; lastKnownFileType = sourcecode.swift; path = Router.swift; sourceTree = "<group>"; };
		065953702C6E695C0048821E /* TargetType.swift */ = {isa = PBXFileReference; lastKnownFileType = sourcecode.swift; path = TargetType.swift; sourceTree = "<group>"; };
		065953732C6E6A260048821E /* LoginQuery.swift */ = {isa = PBXFileReference; lastKnownFileType = sourcecode.swift; path = LoginQuery.swift; sourceTree = "<group>"; };
		065953762C6E6BBA0048821E /* LoginDTO.swift */ = {isa = PBXFileReference; lastKnownFileType = sourcecode.swift; path = LoginDTO.swift; sourceTree = "<group>"; };
		065953792C6F36340048821E /* MainVC.swift */ = {isa = PBXFileReference; lastKnownFileType = sourcecode.swift; path = MainVC.swift; sourceTree = "<group>"; };
		0659537B2C6F388D0048821E /* ChangeView.swift */ = {isa = PBXFileReference; lastKnownFileType = sourcecode.swift; path = ChangeView.swift; sourceTree = "<group>"; };
		0659537D2C6F3B420048821E /* BookStorageVC.swift */ = {isa = PBXFileReference; lastKnownFileType = sourcecode.swift; path = BookStorageVC.swift; sourceTree = "<group>"; };
		065953812C6F3B660048821E /* ChallengeRoomVC.swift */ = {isa = PBXFileReference; lastKnownFileType = sourcecode.swift; path = ChallengeRoomVC.swift; sourceTree = "<group>"; };
/* End PBXFileReference section */

/* Begin PBXFrameworksBuildPhase section */
		065952FB2C6E2F8C0048821E /* Frameworks */ = {
			isa = PBXFrameworksBuildPhase;
			buildActionMask = 2147483647;
			files = (
				0659534A2C6E32690048821E /* RxSwift in Frameworks */,
				065953502C6E328C0048821E /* IQKeyboardManagerSwift in Frameworks */,
				065953452C6E325A0048821E /* Kingfisher in Frameworks */,
				0659533F2C6E324E0048821E /* Toast in Frameworks */,
				0659534D2C6E327D0048821E /* SnapKit in Frameworks */,
				065953482C6E32690048821E /* RxCocoa in Frameworks */,
				065953422C6E32540048821E /* Then in Frameworks */,
				0659533C2C6E32480048821E /* Alamofire in Frameworks */,
			);
			runOnlyForDeploymentPostprocessing = 0;
		};
/* End PBXFrameworksBuildPhase section */

/* Begin PBXGroup section */
		065952F52C6E2F8C0048821E = {
			isa = PBXGroup;
			children = (
				065953152C6E2FC20048821E /* .gitignore */,
				065953002C6E2F8C0048821E /* BookChallenge */,
				065952FF2C6E2F8C0048821E /* Products */,
			);
			sourceTree = "<group>";
		};
		065952FF2C6E2F8C0048821E /* Products */ = {
			isa = PBXGroup;
			children = (
				065952FE2C6E2F8C0048821E /* BookChallenge.app */,
			);
			name = Products;
			sourceTree = "<group>";
		};
		065953002C6E2F8C0048821E /* BookChallenge */ = {
			isa = PBXGroup;
			children = (
				065953012C6E2F8C0048821E /* AppDelegate.swift */,
				065953032C6E2F8C0048821E /* SceneDelegate.swift */,
				0659535E2C6E56490048821E /* Protocol */,
				0659531B2C6E31C50048821E /* Enum */,
				0659531A2C6E31AA0048821E /* Extension+ */,
				065953192C6E31A10048821E /* Service */,
				065953572C6E38930048821E /* View */,
				0659530A2C6E2F8D0048821E /* Assets.xcassets */,
				0659530C2C6E2F8D0048821E /* LaunchScreen.storyboard */,
				0659530F2C6E2F8D0048821E /* Info.plist */,
			);
			path = BookChallenge;
			sourceTree = "<group>";
		};
		065953192C6E31A10048821E /* Service */ = {
			isa = PBXGroup;
			children = (
				0659535B2C6E4B660048821E /* Error */,
				065953632C6E640C0048821E /* Manager */,
			);
			path = Service;
			sourceTree = "<group>";
		};
		0659531A2C6E31AA0048821E /* Extension+ */ = {
			isa = PBXGroup;
			children = (
				065953242C6E31E80048821E /* Base */,
				065953302C6E31FA0048821E /* ReuseIdentifier+.swift */,
				0659532F2C6E31F90048821E /* String+.swift */,
				0659532E2C6E31F90048821E /* UIColor+.swift */,
				065953312C6E31FA0048821E /* UIImage+.swift */,
			);
			path = "Extension+";
			sourceTree = "<group>";
		};
		0659531B2C6E31C50048821E /* Enum */ = {
			isa = PBXGroup;
			children = (
				065953362C6E31FF0048821E /* LoginTextType.swift */,
			);
			path = Enum;
			sourceTree = "<group>";
		};
		0659531F2C6E31E80048821E /* Custom */ = {
			isa = PBXGroup;
			children = (
				0659531D2C6E31E80048821E /* LoginTextField.swift */,
				0659531E2C6E31E80048821E /* PointButton.swift */,
			);
			path = Custom;
			sourceTree = "<group>";
		};
		065953242C6E31E80048821E /* Base */ = {
			isa = PBXGroup;
			children = (
				065953202C6E31E80048821E /* BaseCollectioViewCell.swift */,
				065953212C6E31E80048821E /* BaseView.swift */,
				065953222C6E31E80048821E /* BaseViewController.swift */,
				065953532C6E34540048821E /* BaseViewModel.swift */,
			);
			path = Base;
			sourceTree = "<group>";
		};
		065953262C6E31E80048821E /* Login */ = {
			isa = PBXGroup;
			children = (
				065953252C6E31E80048821E /* LoginVC.swift */,
				065953552C6E34DC0048821E /* LoginVM.swift */,
			);
			path = Login;
			sourceTree = "<group>";
		};
		065953572C6E38930048821E /* View */ = {
			isa = PBXGroup;
			children = (
				065953232C6E31E80048821E /* TabBarController.swift */,
				065953802C6F3B500048821E /* ChallengeRoom */,
				0659537F2C6F3B470048821E /* BookStrage */,
				065953782C6F36280048821E /* Main */,
				065953262C6E31E80048821E /* Login */,
				065953582C6E3B410048821E /* SignUp */,
				0659531F2C6E31E80048821E /* Custom */,
			);
			path = View;
			sourceTree = "<group>";
		};
		065953582C6E3B410048821E /* SignUp */ = {
			isa = PBXGroup;
			children = (
				065953592C6E3B540048821E /* SignUpVC.swift */,
				065953612C6E57B00048821E /* SignUpVM.swift */,
			);
			path = SignUp;
			sourceTree = "<group>";
		};
		0659535B2C6E4B660048821E /* Error */ = {
			isa = PBXGroup;
			children = (
				0659535C2C6E4B750048821E /* LoginError.swift */,
			);
			path = Error;
			sourceTree = "<group>";
		};
		0659535E2C6E56490048821E /* Protocol */ = {
			isa = PBXGroup;
			children = (
				0659535F2C6E56530048821E /* Alert.swift */,
				0659537B2C6F388D0048821E /* ChangeView.swift */,
			);
			path = Protocol;
			sourceTree = "<group>";
		};
		065953632C6E640C0048821E /* Manager */ = {
			isa = PBXGroup;
			children = (
				065953382C6E32060048821E /* APIKey.swift */,
				0659536B2C6E693C0048821E /* LSLP */,
				065953662C6E64360048821E /* User */,
			);
			path = Manager;
			sourceTree = "<group>";
		};
		065953662C6E64360048821E /* User */ = {
			isa = PBXGroup;
			children = (
				065953642C6E64280048821E /* UserDefault.swift */,
				065953672C6E644A0048821E /* UserManager.swift */,
			);
			path = User;
			sourceTree = "<group>";
		};
		0659536B2C6E693C0048821E /* LSLP */ = {
			isa = PBXGroup;
			children = (
				065953752C6E6BB10048821E /* DTO */,
				065953722C6E6A0F0048821E /* Query */,
				0659536C2C6E69490048821E /* Header.swift */,
				0659536E2C6E69500048821E /* Router.swift */,
				065953702C6E695C0048821E /* TargetType.swift */,
				065953692C6E68810048821E /* LSLPManager.swift */,
			);
			path = LSLP;
			sourceTree = "<group>";
		};
		065953722C6E6A0F0048821E /* Query */ = {
			isa = PBXGroup;
			children = (
				065953732C6E6A260048821E /* LoginQuery.swift */,
			);
			path = Query;
			sourceTree = "<group>";
		};
		065953752C6E6BB10048821E /* DTO */ = {
			isa = PBXGroup;
			children = (
				065953762C6E6BBA0048821E /* LoginDTO.swift */,
			);
			path = DTO;
			sourceTree = "<group>";
		};
		065953782C6F36280048821E /* Main */ = {
			isa = PBXGroup;
			children = (
				065953792C6F36340048821E /* MainVC.swift */,
			);
			path = Main;
			sourceTree = "<group>";
		};
		0659537F2C6F3B470048821E /* BookStrage */ = {
			isa = PBXGroup;
			children = (
				0659537D2C6F3B420048821E /* BookStorageVC.swift */,
			);
			path = BookStrage;
			sourceTree = "<group>";
		};
		065953802C6F3B500048821E /* ChallengeRoom */ = {
			isa = PBXGroup;
			children = (
				065953812C6F3B660048821E /* ChallengeRoomVC.swift */,
			);
			path = ChallengeRoom;
			sourceTree = "<group>";
		};
/* End PBXGroup section */

/* Begin PBXNativeTarget section */
		065952FD2C6E2F8C0048821E /* BookChallenge */ = {
			isa = PBXNativeTarget;
			buildConfigurationList = 065953122C6E2F8D0048821E /* Build configuration list for PBXNativeTarget "BookChallenge" */;
			buildPhases = (
				065952FA2C6E2F8C0048821E /* Sources */,
				065952FB2C6E2F8C0048821E /* Frameworks */,
				065952FC2C6E2F8C0048821E /* Resources */,
			);
			buildRules = (
			);
			dependencies = (
			);
			name = BookChallenge;
			packageProductDependencies = (
				0659533B2C6E32480048821E /* Alamofire */,
				0659533E2C6E324E0048821E /* Toast */,
				065953412C6E32540048821E /* Then */,
				065953442C6E325A0048821E /* Kingfisher */,
				065953472C6E32690048821E /* RxCocoa */,
				065953492C6E32690048821E /* RxSwift */,
				0659534C2C6E327D0048821E /* SnapKit */,
				0659534F2C6E328C0048821E /* IQKeyboardManagerSwift */,
			);
			productName = BookChallenge;
			productReference = 065952FE2C6E2F8C0048821E /* BookChallenge.app */;
			productType = "com.apple.product-type.application";
		};
/* End PBXNativeTarget section */

/* Begin PBXProject section */
		065952F62C6E2F8C0048821E /* Project object */ = {
			isa = PBXProject;
			attributes = {
				BuildIndependentTargetsInParallel = 1;
				LastSwiftUpdateCheck = 1540;
				LastUpgradeCheck = 1540;
				TargetAttributes = {
					065952FD2C6E2F8C0048821E = {
						CreatedOnToolsVersion = 15.4;
					};
				};
			};
			buildConfigurationList = 065952F92C6E2F8C0048821E /* Build configuration list for PBXProject "BookChallenge" */;
			compatibilityVersion = "Xcode 14.0";
			developmentRegion = en;
			hasScannedForEncodings = 0;
			knownRegions = (
				en,
				Base,
			);
			mainGroup = 065952F52C6E2F8C0048821E;
			packageReferences = (
				0659533A2C6E32480048821E /* XCRemoteSwiftPackageReference "Alamofire" */,
				0659533D2C6E324E0048821E /* XCRemoteSwiftPackageReference "Toast-Swift" */,
				065953402C6E32540048821E /* XCRemoteSwiftPackageReference "Then" */,
				065953432C6E325A0048821E /* XCRemoteSwiftPackageReference "Kingfisher" */,
				065953462C6E32690048821E /* XCRemoteSwiftPackageReference "RxSwift" */,
				0659534B2C6E327D0048821E /* XCRemoteSwiftPackageReference "SnapKit" */,
				0659534E2C6E328C0048821E /* XCRemoteSwiftPackageReference "IQKeyboardManager" */,
			);
			productRefGroup = 065952FF2C6E2F8C0048821E /* Products */;
			projectDirPath = "";
			projectRoot = "";
			targets = (
				065952FD2C6E2F8C0048821E /* BookChallenge */,
			);
		};
/* End PBXProject section */

/* Begin PBXResourcesBuildPhase section */
		065952FC2C6E2F8C0048821E /* Resources */ = {
			isa = PBXResourcesBuildPhase;
			buildActionMask = 2147483647;
			files = (
				0659530B2C6E2F8D0048821E /* Assets.xcassets in Resources */,
				065953162C6E2FC20048821E /* .gitignore in Resources */,
				0659530E2C6E2F8D0048821E /* Base in Resources */,
			);
			runOnlyForDeploymentPostprocessing = 0;
		};
/* End PBXResourcesBuildPhase section */

/* Begin PBXSourcesBuildPhase section */
		065952FA2C6E2F8C0048821E /* Sources */ = {
			isa = PBXSourcesBuildPhase;
			buildActionMask = 2147483647;
			files = (
				065953822C6F3B660048821E /* ChallengeRoomVC.swift in Sources */,
				065953292C6E31E80048821E /* BaseCollectioViewCell.swift in Sources */,
				0659537A2C6F36340048821E /* MainVC.swift in Sources */,
				0659532C2C6E31E80048821E /* TabBarController.swift in Sources */,
				065953272C6E31E80048821E /* LoginTextField.swift in Sources */,
				0659536A2C6E68810048821E /* LSLPManager.swift in Sources */,
				065953342C6E31FA0048821E /* ReuseIdentifier+.swift in Sources */,
				0659535D2C6E4B750048821E /* LoginError.swift in Sources */,
				0659537E2C6F3B420048821E /* BookStorageVC.swift in Sources */,
				065953392C6E32060048821E /* APIKey.swift in Sources */,
				065953542C6E34540048821E /* BaseViewModel.swift in Sources */,
				0659537C2C6F388D0048821E /* ChangeView.swift in Sources */,
				065953682C6E644A0048821E /* UserManager.swift in Sources */,
				065953022C6E2F8C0048821E /* AppDelegate.swift in Sources */,
				0659532A2C6E31E80048821E /* BaseView.swift in Sources */,
				065953772C6E6BBA0048821E /* LoginDTO.swift in Sources */,
				065953372C6E31FF0048821E /* LoginTextType.swift in Sources */,
				065953712C6E695C0048821E /* TargetType.swift in Sources */,
				0659536F2C6E69500048821E /* Router.swift in Sources */,
				0659532D2C6E31E80048821E /* LoginVC.swift in Sources */,
				0659535A2C6E3B540048821E /* SignUpVC.swift in Sources */,
				065953282C6E31E80048821E /* PointButton.swift in Sources */,
				0659536D2C6E69490048821E /* Header.swift in Sources */,
				065953742C6E6A260048821E /* LoginQuery.swift in Sources */,
				065953622C6E57B00048821E /* SignUpVM.swift in Sources */,
				065953652C6E64280048821E /* UserDefault.swift in Sources */,
				065953332C6E31FA0048821E /* String+.swift in Sources */,
				065953352C6E31FA0048821E /* UIImage+.swift in Sources */,
				0659532B2C6E31E80048821E /* BaseViewController.swift in Sources */,
				065953042C6E2F8C0048821E /* SceneDelegate.swift in Sources */,
				065953322C6E31FA0048821E /* UIColor+.swift in Sources */,
				065953602C6E56530048821E /* Alert.swift in Sources */,
				065953562C6E34DC0048821E /* LoginVM.swift in Sources */,
			);
			runOnlyForDeploymentPostprocessing = 0;
		};
/* End PBXSourcesBuildPhase section */

/* Begin PBXVariantGroup section */
		0659530C2C6E2F8D0048821E /* LaunchScreen.storyboard */ = {
			isa = PBXVariantGroup;
			children = (
				0659530D2C6E2F8D0048821E /* Base */,
			);
			name = LaunchScreen.storyboard;
			sourceTree = "<group>";
		};
/* End PBXVariantGroup section */

/* Begin XCBuildConfiguration section */
		065953102C6E2F8D0048821E /* Debug */ = {
			isa = XCBuildConfiguration;
			buildSettings = {
				ALWAYS_SEARCH_USER_PATHS = NO;
				ASSETCATALOG_COMPILER_GENERATE_SWIFT_ASSET_SYMBOL_EXTENSIONS = YES;
				CLANG_ANALYZER_NONNULL = YES;
				CLANG_ANALYZER_NUMBER_OBJECT_CONVERSION = YES_AGGRESSIVE;
				CLANG_CXX_LANGUAGE_STANDARD = "gnu++20";
				CLANG_ENABLE_MODULES = YES;
				CLANG_ENABLE_OBJC_ARC = YES;
				CLANG_ENABLE_OBJC_WEAK = YES;
				CLANG_WARN_BLOCK_CAPTURE_AUTORELEASING = YES;
				CLANG_WARN_BOOL_CONVERSION = YES;
				CLANG_WARN_COMMA = YES;
				CLANG_WARN_CONSTANT_CONVERSION = YES;
				CLANG_WARN_DEPRECATED_OBJC_IMPLEMENTATIONS = YES;
				CLANG_WARN_DIRECT_OBJC_ISA_USAGE = YES_ERROR;
				CLANG_WARN_DOCUMENTATION_COMMENTS = YES;
				CLANG_WARN_EMPTY_BODY = YES;
				CLANG_WARN_ENUM_CONVERSION = YES;
				CLANG_WARN_INFINITE_RECURSION = YES;
				CLANG_WARN_INT_CONVERSION = YES;
				CLANG_WARN_NON_LITERAL_NULL_CONVERSION = YES;
				CLANG_WARN_OBJC_IMPLICIT_RETAIN_SELF = YES;
				CLANG_WARN_OBJC_LITERAL_CONVERSION = YES;
				CLANG_WARN_OBJC_ROOT_CLASS = YES_ERROR;
				CLANG_WARN_QUOTED_INCLUDE_IN_FRAMEWORK_HEADER = YES;
				CLANG_WARN_RANGE_LOOP_ANALYSIS = YES;
				CLANG_WARN_STRICT_PROTOTYPES = YES;
				CLANG_WARN_SUSPICIOUS_MOVE = YES;
				CLANG_WARN_UNGUARDED_AVAILABILITY = YES_AGGRESSIVE;
				CLANG_WARN_UNREACHABLE_CODE = YES;
				CLANG_WARN__DUPLICATE_METHOD_MATCH = YES;
				COPY_PHASE_STRIP = NO;
				DEBUG_INFORMATION_FORMAT = dwarf;
				ENABLE_STRICT_OBJC_MSGSEND = YES;
				ENABLE_TESTABILITY = YES;
				ENABLE_USER_SCRIPT_SANDBOXING = YES;
				GCC_C_LANGUAGE_STANDARD = gnu17;
				GCC_DYNAMIC_NO_PIC = NO;
				GCC_NO_COMMON_BLOCKS = YES;
				GCC_OPTIMIZATION_LEVEL = 0;
				GCC_PREPROCESSOR_DEFINITIONS = (
					"DEBUG=1",
					"$(inherited)",
				);
				GCC_WARN_64_TO_32_BIT_CONVERSION = YES;
				GCC_WARN_ABOUT_RETURN_TYPE = YES_ERROR;
				GCC_WARN_UNDECLARED_SELECTOR = YES;
				GCC_WARN_UNINITIALIZED_AUTOS = YES_AGGRESSIVE;
				GCC_WARN_UNUSED_FUNCTION = YES;
				GCC_WARN_UNUSED_VARIABLE = YES;
				IPHONEOS_DEPLOYMENT_TARGET = 17.5;
				LOCALIZATION_PREFERS_STRING_CATALOGS = YES;
				MTL_ENABLE_DEBUG_INFO = INCLUDE_SOURCE;
				MTL_FAST_MATH = YES;
				ONLY_ACTIVE_ARCH = YES;
				SDKROOT = iphoneos;
				SWIFT_ACTIVE_COMPILATION_CONDITIONS = "DEBUG $(inherited)";
				SWIFT_OPTIMIZATION_LEVEL = "-Onone";
			};
			name = Debug;
		};
		065953112C6E2F8D0048821E /* Release */ = {
			isa = XCBuildConfiguration;
			buildSettings = {
				ALWAYS_SEARCH_USER_PATHS = NO;
				ASSETCATALOG_COMPILER_GENERATE_SWIFT_ASSET_SYMBOL_EXTENSIONS = YES;
				CLANG_ANALYZER_NONNULL = YES;
				CLANG_ANALYZER_NUMBER_OBJECT_CONVERSION = YES_AGGRESSIVE;
				CLANG_CXX_LANGUAGE_STANDARD = "gnu++20";
				CLANG_ENABLE_MODULES = YES;
				CLANG_ENABLE_OBJC_ARC = YES;
				CLANG_ENABLE_OBJC_WEAK = YES;
				CLANG_WARN_BLOCK_CAPTURE_AUTORELEASING = YES;
				CLANG_WARN_BOOL_CONVERSION = YES;
				CLANG_WARN_COMMA = YES;
				CLANG_WARN_CONSTANT_CONVERSION = YES;
				CLANG_WARN_DEPRECATED_OBJC_IMPLEMENTATIONS = YES;
				CLANG_WARN_DIRECT_OBJC_ISA_USAGE = YES_ERROR;
				CLANG_WARN_DOCUMENTATION_COMMENTS = YES;
				CLANG_WARN_EMPTY_BODY = YES;
				CLANG_WARN_ENUM_CONVERSION = YES;
				CLANG_WARN_INFINITE_RECURSION = YES;
				CLANG_WARN_INT_CONVERSION = YES;
				CLANG_WARN_NON_LITERAL_NULL_CONVERSION = YES;
				CLANG_WARN_OBJC_IMPLICIT_RETAIN_SELF = YES;
				CLANG_WARN_OBJC_LITERAL_CONVERSION = YES;
				CLANG_WARN_OBJC_ROOT_CLASS = YES_ERROR;
				CLANG_WARN_QUOTED_INCLUDE_IN_FRAMEWORK_HEADER = YES;
				CLANG_WARN_RANGE_LOOP_ANALYSIS = YES;
				CLANG_WARN_STRICT_PROTOTYPES = YES;
				CLANG_WARN_SUSPICIOUS_MOVE = YES;
				CLANG_WARN_UNGUARDED_AVAILABILITY = YES_AGGRESSIVE;
				CLANG_WARN_UNREACHABLE_CODE = YES;
				CLANG_WARN__DUPLICATE_METHOD_MATCH = YES;
				COPY_PHASE_STRIP = NO;
				DEBUG_INFORMATION_FORMAT = "dwarf-with-dsym";
				ENABLE_NS_ASSERTIONS = NO;
				ENABLE_STRICT_OBJC_MSGSEND = YES;
				ENABLE_USER_SCRIPT_SANDBOXING = YES;
				GCC_C_LANGUAGE_STANDARD = gnu17;
				GCC_NO_COMMON_BLOCKS = YES;
				GCC_WARN_64_TO_32_BIT_CONVERSION = YES;
				GCC_WARN_ABOUT_RETURN_TYPE = YES_ERROR;
				GCC_WARN_UNDECLARED_SELECTOR = YES;
				GCC_WARN_UNINITIALIZED_AUTOS = YES_AGGRESSIVE;
				GCC_WARN_UNUSED_FUNCTION = YES;
				GCC_WARN_UNUSED_VARIABLE = YES;
				IPHONEOS_DEPLOYMENT_TARGET = 17.5;
				LOCALIZATION_PREFERS_STRING_CATALOGS = YES;
				MTL_ENABLE_DEBUG_INFO = NO;
				MTL_FAST_MATH = YES;
				SDKROOT = iphoneos;
				SWIFT_COMPILATION_MODE = wholemodule;
				VALIDATE_PRODUCT = YES;
			};
			name = Release;
		};
		065953132C6E2F8D0048821E /* Debug */ = {
			isa = XCBuildConfiguration;
			buildSettings = {
				ASSETCATALOG_COMPILER_APPICON_NAME = AppIcon;
				ASSETCATALOG_COMPILER_GLOBAL_ACCENT_COLOR_NAME = AccentColor;
				CODE_SIGN_STYLE = Automatic;
				CURRENT_PROJECT_VERSION = 1;
				DEVELOPMENT_TEAM = G9LS4YQCM2;
				GENERATE_INFOPLIST_FILE = YES;
				INFOPLIST_FILE = BookChallenge/Info.plist;
				INFOPLIST_KEY_CFBundleDisplayName = BookChallenge;
				INFOPLIST_KEY_UIApplicationSupportsIndirectInputEvents = YES;
				INFOPLIST_KEY_UILaunchStoryboardName = LaunchScreen;
				INFOPLIST_KEY_UISupportedInterfaceOrientations = UIInterfaceOrientationPortrait;
				INFOPLIST_KEY_UISupportedInterfaceOrientations_iPad = "UIInterfaceOrientationLandscapeLeft UIInterfaceOrientationLandscapeRight UIInterfaceOrientationPortrait UIInterfaceOrientationPortraitUpsideDown";
				IPHONEOS_DEPLOYMENT_TARGET = 16.0;
				LD_RUNPATH_SEARCH_PATHS = (
					"$(inherited)",
					"@executable_path/Frameworks",
				);
				MARKETING_VERSION = 1.0;
				PRODUCT_BUNDLE_IDENTIFIER = com.Sixteenis.BookChallenge;
				PRODUCT_NAME = "$(TARGET_NAME)";
				SUPPORTED_PLATFORMS = "iphoneos iphonesimulator";
				SUPPORTS_MACCATALYST = NO;
				SUPPORTS_MAC_DESIGNED_FOR_IPHONE_IPAD = NO;
				SUPPORTS_XR_DESIGNED_FOR_IPHONE_IPAD = NO;
				SWIFT_EMIT_LOC_STRINGS = YES;
				SWIFT_VERSION = 5.0;
				TARGETED_DEVICE_FAMILY = 1;
			};
			name = Debug;
		};
		065953142C6E2F8D0048821E /* Release */ = {
			isa = XCBuildConfiguration;
			buildSettings = {
				ASSETCATALOG_COMPILER_APPICON_NAME = AppIcon;
				ASSETCATALOG_COMPILER_GLOBAL_ACCENT_COLOR_NAME = AccentColor;
				CODE_SIGN_STYLE = Automatic;
				CURRENT_PROJECT_VERSION = 1;
				DEVELOPMENT_TEAM = G9LS4YQCM2;
				GENERATE_INFOPLIST_FILE = YES;
				INFOPLIST_FILE = BookChallenge/Info.plist;
				INFOPLIST_KEY_CFBundleDisplayName = BookChallenge;
				INFOPLIST_KEY_UIApplicationSupportsIndirectInputEvents = YES;
				INFOPLIST_KEY_UILaunchStoryboardName = LaunchScreen;
				INFOPLIST_KEY_UISupportedInterfaceOrientations = UIInterfaceOrientationPortrait;
				INFOPLIST_KEY_UISupportedInterfaceOrientations_iPad = "UIInterfaceOrientationLandscapeLeft UIInterfaceOrientationLandscapeRight UIInterfaceOrientationPortrait UIInterfaceOrientationPortraitUpsideDown";
				IPHONEOS_DEPLOYMENT_TARGET = 16.0;
				LD_RUNPATH_SEARCH_PATHS = (
					"$(inherited)",
					"@executable_path/Frameworks",
				);
				MARKETING_VERSION = 1.0;
				PRODUCT_BUNDLE_IDENTIFIER = com.Sixteenis.BookChallenge;
				PRODUCT_NAME = "$(TARGET_NAME)";
				SUPPORTED_PLATFORMS = "iphoneos iphonesimulator";
				SUPPORTS_MACCATALYST = NO;
				SUPPORTS_MAC_DESIGNED_FOR_IPHONE_IPAD = NO;
				SUPPORTS_XR_DESIGNED_FOR_IPHONE_IPAD = NO;
				SWIFT_EMIT_LOC_STRINGS = YES;
				SWIFT_VERSION = 5.0;
				TARGETED_DEVICE_FAMILY = 1;
			};
			name = Release;
		};
/* End XCBuildConfiguration section */

/* Begin XCConfigurationList section */
		065952F92C6E2F8C0048821E /* Build configuration list for PBXProject "BookChallenge" */ = {
			isa = XCConfigurationList;
			buildConfigurations = (
				065953102C6E2F8D0048821E /* Debug */,
				065953112C6E2F8D0048821E /* Release */,
			);
			defaultConfigurationIsVisible = 0;
			defaultConfigurationName = Release;
		};
		065953122C6E2F8D0048821E /* Build configuration list for PBXNativeTarget "BookChallenge" */ = {
			isa = XCConfigurationList;
			buildConfigurations = (
				065953132C6E2F8D0048821E /* Debug */,
				065953142C6E2F8D0048821E /* Release */,
			);
			defaultConfigurationIsVisible = 0;
			defaultConfigurationName = Release;
		};
/* End XCConfigurationList section */

/* Begin XCRemoteSwiftPackageReference section */
		0659533A2C6E32480048821E /* XCRemoteSwiftPackageReference "Alamofire" */ = {
			isa = XCRemoteSwiftPackageReference;
			repositoryURL = "https://github.com/Alamofire/Alamofire.git";
			requirement = {
				kind = upToNextMajorVersion;
				minimumVersion = 5.9.1;
			};
		};
		0659533D2C6E324E0048821E /* XCRemoteSwiftPackageReference "Toast-Swift" */ = {
			isa = XCRemoteSwiftPackageReference;
			repositoryURL = "https://github.com/scalessec/Toast-Swift.git";
			requirement = {
				kind = upToNextMajorVersion;
				minimumVersion = 5.1.1;
			};
		};
		065953402C6E32540048821E /* XCRemoteSwiftPackageReference "Then" */ = {
			isa = XCRemoteSwiftPackageReference;
			repositoryURL = "https://github.com/devxoul/Then.git";
			requirement = {
				kind = upToNextMajorVersion;
				minimumVersion = 3.0.0;
			};
		};
		065953432C6E325A0048821E /* XCRemoteSwiftPackageReference "Kingfisher" */ = {
			isa = XCRemoteSwiftPackageReference;
			repositoryURL = "https://github.com/onevcat/Kingfisher.git";
			requirement = {
				kind = upToNextMajorVersion;
				minimumVersion = 7.12.0;
			};
		};
		065953462C6E32690048821E /* XCRemoteSwiftPackageReference "RxSwift" */ = {
			isa = XCRemoteSwiftPackageReference;
			repositoryURL = "https://github.com/ReactiveX/RxSwift.git";
			requirement = {
				kind = upToNextMajorVersion;
				minimumVersion = 6.7.1;
			};
		};
		0659534B2C6E327D0048821E /* XCRemoteSwiftPackageReference "SnapKit" */ = {
			isa = XCRemoteSwiftPackageReference;
			repositoryURL = "https://github.com/SnapKit/SnapKit.git";
			requirement = {
				kind = upToNextMajorVersion;
				minimumVersion = 5.7.1;
			};
		};
		0659534E2C6E328C0048821E /* XCRemoteSwiftPackageReference "IQKeyboardManager" */ = {
			isa = XCRemoteSwiftPackageReference;
			repositoryURL = "https://github.com/hackiftekhar/IQKeyboardManager.git";
			requirement = {
				kind = upToNextMajorVersion;
				minimumVersion = 7.1.1;
			};
		};
/* End XCRemoteSwiftPackageReference section */

/* Begin XCSwiftPackageProductDependency section */
		0659533B2C6E32480048821E /* Alamofire */ = {
			isa = XCSwiftPackageProductDependency;
			package = 0659533A2C6E32480048821E /* XCRemoteSwiftPackageReference "Alamofire" */;
			productName = Alamofire;
		};
		0659533E2C6E324E0048821E /* Toast */ = {
			isa = XCSwiftPackageProductDependency;
			package = 0659533D2C6E324E0048821E /* XCRemoteSwiftPackageReference "Toast-Swift" */;
			productName = Toast;
		};
		065953412C6E32540048821E /* Then */ = {
			isa = XCSwiftPackageProductDependency;
			package = 065953402C6E32540048821E /* XCRemoteSwiftPackageReference "Then" */;
			productName = Then;
		};
		065953442C6E325A0048821E /* Kingfisher */ = {
			isa = XCSwiftPackageProductDependency;
			package = 065953432C6E325A0048821E /* XCRemoteSwiftPackageReference "Kingfisher" */;
			productName = Kingfisher;
		};
		065953472C6E32690048821E /* RxCocoa */ = {
			isa = XCSwiftPackageProductDependency;
			package = 065953462C6E32690048821E /* XCRemoteSwiftPackageReference "RxSwift" */;
			productName = RxCocoa;
		};
		065953492C6E32690048821E /* RxSwift */ = {
			isa = XCSwiftPackageProductDependency;
			package = 065953462C6E32690048821E /* XCRemoteSwiftPackageReference "RxSwift" */;
			productName = RxSwift;
		};
		0659534C2C6E327D0048821E /* SnapKit */ = {
			isa = XCSwiftPackageProductDependency;
			package = 0659534B2C6E327D0048821E /* XCRemoteSwiftPackageReference "SnapKit" */;
			productName = SnapKit;
		};
		0659534F2C6E328C0048821E /* IQKeyboardManagerSwift */ = {
			isa = XCSwiftPackageProductDependency;
			package = 0659534E2C6E328C0048821E /* XCRemoteSwiftPackageReference "IQKeyboardManager" */;
			productName = IQKeyboardManagerSwift;
		};
/* End XCSwiftPackageProductDependency section */
	};
	rootObject = 065952F62C6E2F8C0048821E /* Project object */;
}
